// !$*UTF8*$!
{
	archiveVersion = 1;
	classes = {
	};
	objectVersion = 50;
	objects = {

/* Begin PBXBuildFile section */
		74E7E0C53A3EEBF1995B28C8 /* Pods_FilmTests.framework in Frameworks */ = {isa = PBXBuildFile; fileRef = 6FCFD42B2FB6B4EF121D0DDF /* Pods_FilmTests.framework */; };
		A4845765411C5C49E0C935CB /* Pods_Film.framework in Frameworks */ = {isa = PBXBuildFile; fileRef = 3D06F59D32E4BE75B821F3E4 /* Pods_Film.framework */; };
		ED09BD9D2324A3350023DF83 /* MockSeriesInfoAPI.swift in Sources */ = {isa = PBXBuildFile; fileRef = ED09BD9C2324A3350023DF83 /* MockSeriesInfoAPI.swift */; };
		ED0D06322327D28D007D3F8B /* SeasonCell.swift in Sources */ = {isa = PBXBuildFile; fileRef = ED0D06312327D28D007D3F8B /* SeasonCell.swift */; };
		ED19988323234E75005D48D3 /* OpenSans-Regular.ttf in Resources */ = {isa = PBXBuildFile; fileRef = ED19987923234E74005D48D3 /* OpenSans-Regular.ttf */; };
		ED19988423234E75005D48D3 /* OpenSans-Bold.ttf in Resources */ = {isa = PBXBuildFile; fileRef = ED19987A23234E74005D48D3 /* OpenSans-Bold.ttf */; };
		ED19988523234E75005D48D3 /* OpenSans-RegularItalic.ttf in Resources */ = {isa = PBXBuildFile; fileRef = ED19987B23234E74005D48D3 /* OpenSans-RegularItalic.ttf */; };
		ED19988623234E75005D48D3 /* OpenSans-SemiBold.ttf in Resources */ = {isa = PBXBuildFile; fileRef = ED19987C23234E75005D48D3 /* OpenSans-SemiBold.ttf */; };
		ED19988723234E75005D48D3 /* OpenSans-ExtraBoldItalic.ttf in Resources */ = {isa = PBXBuildFile; fileRef = ED19987D23234E75005D48D3 /* OpenSans-ExtraBoldItalic.ttf */; };
		ED19988823234E75005D48D3 /* OpenSans-SemiBoldItalic.ttf in Resources */ = {isa = PBXBuildFile; fileRef = ED19987E23234E75005D48D3 /* OpenSans-SemiBoldItalic.ttf */; };
		ED19988923234E75005D48D3 /* OpenSans-ExtraBold.ttf in Resources */ = {isa = PBXBuildFile; fileRef = ED19987F23234E75005D48D3 /* OpenSans-ExtraBold.ttf */; };
		ED19988A23234E75005D48D3 /* OpenSans-BoldItalic.ttf in Resources */ = {isa = PBXBuildFile; fileRef = ED19988023234E75005D48D3 /* OpenSans-BoldItalic.ttf */; };
		ED19988B23234E75005D48D3 /* OpenSans-LightItalic.ttf in Resources */ = {isa = PBXBuildFile; fileRef = ED19988123234E75005D48D3 /* OpenSans-LightItalic.ttf */; };
		ED19988C23234E75005D48D3 /* OpenSans-Light.ttf in Resources */ = {isa = PBXBuildFile; fileRef = ED19988223234E75005D48D3 /* OpenSans-Light.ttf */; };
		ED1CC3A7231620790061EE21 /* EpisodeCell.swift in Sources */ = {isa = PBXBuildFile; fileRef = ED1CC3A6231620790061EE21 /* EpisodeCell.swift */; };
		ED1CC3A9231624FC0061EE21 /* HeaderView.swift in Sources */ = {isa = PBXBuildFile; fileRef = ED1CC3A8231624FC0061EE21 /* HeaderView.swift */; };
		ED1FEEBB2318B73900DE69AB /* AlertView.swift in Sources */ = {isa = PBXBuildFile; fileRef = ED1FEEBA2318B73900DE69AB /* AlertView.swift */; };
		ED1FEEBD2318B74100DE69AB /* AlertViewController.swift in Sources */ = {isa = PBXBuildFile; fileRef = ED1FEEBC2318B74100DE69AB /* AlertViewController.swift */; };
		ED2DBB412315E356009250EC /* ShowsCell.swift in Sources */ = {isa = PBXBuildFile; fileRef = ED2DBB402315E356009250EC /* ShowsCell.swift */; };
		ED57FC7C2313398B0001A9AB /* UIColor+extensions.swift in Sources */ = {isa = PBXBuildFile; fileRef = ED57FC7B2313398B0001A9AB /* UIColor+extensions.swift */; };
		ED57FCA2231350F40001A9AB /* Roboto-Thin.ttf in Resources */ = {isa = PBXBuildFile; fileRef = ED57FC96231350F30001A9AB /* Roboto-Thin.ttf */; };
		ED57FCA3231350F40001A9AB /* Roboto-Light.ttf in Resources */ = {isa = PBXBuildFile; fileRef = ED57FC97231350F30001A9AB /* Roboto-Light.ttf */; };
		ED57FCA4231350F40001A9AB /* Roboto-LightItalic.ttf in Resources */ = {isa = PBXBuildFile; fileRef = ED57FC98231350F30001A9AB /* Roboto-LightItalic.ttf */; };
		ED57FCA5231350F40001A9AB /* Roboto-Black.ttf in Resources */ = {isa = PBXBuildFile; fileRef = ED57FC99231350F30001A9AB /* Roboto-Black.ttf */; };
		ED57FCA6231350F40001A9AB /* Roboto-BoldItalic.ttf in Resources */ = {isa = PBXBuildFile; fileRef = ED57FC9A231350F30001A9AB /* Roboto-BoldItalic.ttf */; };
		ED57FCA7231350F40001A9AB /* Roboto-Medium.ttf in Resources */ = {isa = PBXBuildFile; fileRef = ED57FC9B231350F40001A9AB /* Roboto-Medium.ttf */; };
		ED57FCA8231350F40001A9AB /* Roboto-MediumItalic.ttf in Resources */ = {isa = PBXBuildFile; fileRef = ED57FC9C231350F40001A9AB /* Roboto-MediumItalic.ttf */; };
		ED57FCA9231350F40001A9AB /* Roboto-ThinItalic.ttf in Resources */ = {isa = PBXBuildFile; fileRef = ED57FC9D231350F40001A9AB /* Roboto-ThinItalic.ttf */; };
		ED57FCAA231350F40001A9AB /* Roboto-BlackItalic.ttf in Resources */ = {isa = PBXBuildFile; fileRef = ED57FC9E231350F40001A9AB /* Roboto-BlackItalic.ttf */; };
		ED57FCAB231350F40001A9AB /* Roboto-Regular.ttf in Resources */ = {isa = PBXBuildFile; fileRef = ED57FC9F231350F40001A9AB /* Roboto-Regular.ttf */; };
		ED57FCAC231350F40001A9AB /* Roboto-Bold.ttf in Resources */ = {isa = PBXBuildFile; fileRef = ED57FCA0231350F40001A9AB /* Roboto-Bold.ttf */; };
		ED57FCAD231350F40001A9AB /* Roboto-RegularItalic.ttf in Resources */ = {isa = PBXBuildFile; fileRef = ED57FCA1231350F40001A9AB /* Roboto-RegularItalic.ttf */; };
		ED57FCB123137CB30001A9AB /* Film.swift in Sources */ = {isa = PBXBuildFile; fileRef = ED57FCB023137CB20001A9AB /* Film.swift */; };
		ED57FCB3231383540001A9AB /* CGRect+extensions.swift in Sources */ = {isa = PBXBuildFile; fileRef = ED57FCB2231383540001A9AB /* CGRect+extensions.swift */; };
		ED5AC1052314C45A0098A161 /* Images.swift in Sources */ = {isa = PBXBuildFile; fileRef = ED5AC1042314C45A0098A161 /* Images.swift */; };
		ED5AC10C2314DD4D0098A161 /* ShowsViewController.swift in Sources */ = {isa = PBXBuildFile; fileRef = ED5AC10B2314DD4D0098A161 /* ShowsViewController.swift */; };
		ED5AC10E2314DDA30098A161 /* ShowsView.swift in Sources */ = {isa = PBXBuildFile; fileRef = ED5AC10D2314DDA30098A161 /* ShowsView.swift */; };
		ED5AC1102314DDD00098A161 /* MoviesViewController.swift in Sources */ = {isa = PBXBuildFile; fileRef = ED5AC10F2314DDD00098A161 /* MoviesViewController.swift */; };
		ED5AC1122314DDEF0098A161 /* MoviesView.swift in Sources */ = {isa = PBXBuildFile; fileRef = ED5AC1112314DDEF0098A161 /* MoviesView.swift */; };
		ED5AC1142314DE0C0098A161 /* SettingsViewController.swift in Sources */ = {isa = PBXBuildFile; fileRef = ED5AC1132314DE0C0098A161 /* SettingsViewController.swift */; };
		ED5AC1162314DE140098A161 /* SettingsView.swift in Sources */ = {isa = PBXBuildFile; fileRef = ED5AC1152314DE140098A161 /* SettingsView.swift */; };
		ED5AC1182314DE590098A161 /* WelcomeViewController.swift in Sources */ = {isa = PBXBuildFile; fileRef = ED5AC1172314DE590098A161 /* WelcomeViewController.swift */; };
		ED5AC11A2314DE610098A161 /* WelcomeView.swift in Sources */ = {isa = PBXBuildFile; fileRef = ED5AC1192314DE610098A161 /* WelcomeView.swift */; };
		ED5AC11F2314E5DE0098A161 /* Localizable.strings in Resources */ = {isa = PBXBuildFile; fileRef = ED5AC1212314E5DE0098A161 /* Localizable.strings */; };
		ED5AC1242314E6A40098A161 /* String+extensions.swift in Sources */ = {isa = PBXBuildFile; fileRef = ED5AC1232314E6A40098A161 /* String+extensions.swift */; };
		ED5AC12623157A260098A161 /* Coordinator.swift in Sources */ = {isa = PBXBuildFile; fileRef = ED5AC12523157A260098A161 /* Coordinator.swift */; };
		ED5AC12823158FED0098A161 /* CustomNavigationBar.swift in Sources */ = {isa = PBXBuildFile; fileRef = ED5AC12723158FED0098A161 /* CustomNavigationBar.swift */; };
		ED5AC12A2315A65F0098A161 /* UIViewController+extensions.swift in Sources */ = {isa = PBXBuildFile; fileRef = ED5AC1292315A65F0098A161 /* UIViewController+extensions.swift */; };
		ED5AC12C2315A7600098A161 /* WatchingCell.swift in Sources */ = {isa = PBXBuildFile; fileRef = ED5AC12B2315A7600098A161 /* WatchingCell.swift */; };
		ED5AC12E2315CE500098A161 /* Fonts.swift in Sources */ = {isa = PBXBuildFile; fileRef = ED5AC12D2315CE500098A161 /* Fonts.swift */; };
		ED70C09D231C302900380BE0 /* MoviesPresenter.swift in Sources */ = {isa = PBXBuildFile; fileRef = ED70C09C231C302900380BE0 /* MoviesPresenter.swift */; };
		ED8060A6231B76CD0032A128 /* SeriesPresenter.swift in Sources */ = {isa = PBXBuildFile; fileRef = ED8060A5231B76CD0032A128 /* SeriesPresenter.swift */; };
		ED82DBC02314620F00FEC56A /* VolumeController.swift in Sources */ = {isa = PBXBuildFile; fileRef = ED82DBBF2314620F00FEC56A /* VolumeController.swift */; };
		ED82DBC2231464E000FEC56A /* VideoPlayerController+Volume.swift in Sources */ = {isa = PBXBuildFile; fileRef = ED82DBC1231464E000FEC56A /* VideoPlayerController+Volume.swift */; };
		ED82DBC523146B0F00FEC56A /* Debugger.swift in Sources */ = {isa = PBXBuildFile; fileRef = ED82DBC423146B0F00FEC56A /* Debugger.swift */; };
		ED909B3E230F006600A67AC6 /* AppDelegate.swift in Sources */ = {isa = PBXBuildFile; fileRef = ED909B3D230F006600A67AC6 /* AppDelegate.swift */; };
		ED909B40230F006600A67AC6 /* VideoPlayerController.swift in Sources */ = {isa = PBXBuildFile; fileRef = ED909B3F230F006600A67AC6 /* VideoPlayerController.swift */; };
		ED909B45230F006A00A67AC6 /* Assets.xcassets in Resources */ = {isa = PBXBuildFile; fileRef = ED909B44230F006A00A67AC6 /* Assets.xcassets */; };
		ED909B48230F006A00A67AC6 /* LaunchScreen.storyboard in Resources */ = {isa = PBXBuildFile; fileRef = ED909B46230F006A00A67AC6 /* LaunchScreen.storyboard */; };
		ED909B53230F006A00A67AC6 /* FilmTests.swift in Sources */ = {isa = PBXBuildFile; fileRef = ED909B52230F006A00A67AC6 /* FilmTests.swift */; };
		ED909B6323123C8300A67AC6 /* header.m in Sources */ = {isa = PBXBuildFile; fileRef = ED909B6223123C8300A67AC6 /* header.m */; };
		ED909B8423124C8F00A67AC6 /* UIView+extensions.swift in Sources */ = {isa = PBXBuildFile; fileRef = ED909B8323124C8F00A67AC6 /* UIView+extensions.swift */; };
		ED909B8623124CC500A67AC6 /* VideoPlayerView.swift in Sources */ = {isa = PBXBuildFile; fileRef = ED909B8523124CC500A67AC6 /* VideoPlayerView.swift */; };
		ED90FC882322023E00452408 /* NunitoSans-Regular.ttf in Resources */ = {isa = PBXBuildFile; fileRef = ED90FC7A2322023C00452408 /* NunitoSans-Regular.ttf */; };
		ED90FC892322023E00452408 /* NunitoSans-ExtraBold.ttf in Resources */ = {isa = PBXBuildFile; fileRef = ED90FC7B2322023C00452408 /* NunitoSans-ExtraBold.ttf */; };
		ED90FC8A2322023E00452408 /* NunitoSans-SemiBold.ttf in Resources */ = {isa = PBXBuildFile; fileRef = ED90FC7C2322023C00452408 /* NunitoSans-SemiBold.ttf */; };
		ED90FC8B2322023E00452408 /* NunitoSans-LightItalic.ttf in Resources */ = {isa = PBXBuildFile; fileRef = ED90FC7D2322023D00452408 /* NunitoSans-LightItalic.ttf */; };
		ED90FC8C2322023E00452408 /* NunitoSans-ExtraLight.ttf in Resources */ = {isa = PBXBuildFile; fileRef = ED90FC7E2322023D00452408 /* NunitoSans-ExtraLight.ttf */; };
		ED90FC8D2322023E00452408 /* NunitoSans-Black.ttf in Resources */ = {isa = PBXBuildFile; fileRef = ED90FC7F2322023D00452408 /* NunitoSans-Black.ttf */; };
		ED90FC8E2322023E00452408 /* NunitoSans-SemiBoldItalic.ttf in Resources */ = {isa = PBXBuildFile; fileRef = ED90FC802322023D00452408 /* NunitoSans-SemiBoldItalic.ttf */; };
		ED90FC8F2322023E00452408 /* NunitoSans-RegularItalic.ttf in Resources */ = {isa = PBXBuildFile; fileRef = ED90FC812322023D00452408 /* NunitoSans-RegularItalic.ttf */; };
		ED90FC902322023E00452408 /* NunitoSans-Bold.ttf in Resources */ = {isa = PBXBuildFile; fileRef = ED90FC822322023D00452408 /* NunitoSans-Bold.ttf */; };
		ED90FC912322023E00452408 /* NunitoSans-Light.ttf in Resources */ = {isa = PBXBuildFile; fileRef = ED90FC832322023D00452408 /* NunitoSans-Light.ttf */; };
		ED90FC922322023E00452408 /* NunitoSans-ExtraBoldItalic.ttf in Resources */ = {isa = PBXBuildFile; fileRef = ED90FC842322023D00452408 /* NunitoSans-ExtraBoldItalic.ttf */; };
		ED90FC932322023E00452408 /* NunitoSans-BoldItalic.ttf in Resources */ = {isa = PBXBuildFile; fileRef = ED90FC852322023D00452408 /* NunitoSans-BoldItalic.ttf */; };
		ED90FC942322023E00452408 /* NunitoSans-ExtraLightItalic.ttf in Resources */ = {isa = PBXBuildFile; fileRef = ED90FC862322023E00452408 /* NunitoSans-ExtraLightItalic.ttf */; };
		ED90FC952322023E00452408 /* NunitoSans-BlackItalic.ttf in Resources */ = {isa = PBXBuildFile; fileRef = ED90FC872322023E00452408 /* NunitoSans-BlackItalic.ttf */; };
		ED9B00B523149B7F004D509C /* RobotoCondensed-Bold.ttf in Resources */ = {isa = PBXBuildFile; fileRef = ED9B00AF23149B7F004D509C /* RobotoCondensed-Bold.ttf */; };
		ED9B00B623149B7F004D509C /* RobotoCondensed-Light.ttf in Resources */ = {isa = PBXBuildFile; fileRef = ED9B00B023149B7F004D509C /* RobotoCondensed-Light.ttf */; };
		ED9B00B723149B7F004D509C /* RobotoCondensed-Regular.ttf in Resources */ = {isa = PBXBuildFile; fileRef = ED9B00B123149B7F004D509C /* RobotoCondensed-Regular.ttf */; };
		ED9B00B823149B7F004D509C /* RobotoCondensed-RegularItalic.ttf in Resources */ = {isa = PBXBuildFile; fileRef = ED9B00B223149B7F004D509C /* RobotoCondensed-RegularItalic.ttf */; };
		ED9B00B923149B7F004D509C /* RobotoCondensed-LightItalic.ttf in Resources */ = {isa = PBXBuildFile; fileRef = ED9B00B323149B7F004D509C /* RobotoCondensed-LightItalic.ttf */; };
		ED9B00BA23149B7F004D509C /* RobotoCondensed-BoldItalic.ttf in Resources */ = {isa = PBXBuildFile; fileRef = ED9B00B423149B7F004D509C /* RobotoCondensed-BoldItalic.ttf */; };
		EDACC49C2319FE6B005DC09C /* MockWatchedAPI.swift in Sources */ = {isa = PBXBuildFile; fileRef = EDACC49B2319FE6B005DC09C /* MockWatchedAPI.swift */; };
		EDACC49E231A0D8E005DC09C /* CustomMarginButton.swift in Sources */ = {isa = PBXBuildFile; fileRef = EDACC49D231A0D8E005DC09C /* CustomMarginButton.swift */; };
		EDB0CD3B231B516000246CDF /* StandardSettings.swift in Sources */ = {isa = PBXBuildFile; fileRef = EDB0CD3A231B516000246CDF /* StandardSettings.swift */; };
		EDB0CD3D231B57EE00246CDF /* IdleCell.swift in Sources */ = {isa = PBXBuildFile; fileRef = EDB0CD3C231B57EE00246CDF /* IdleCell.swift */; };
		EDB57E90231766980049504E /* Watched.swift in Sources */ = {isa = PBXBuildFile; fileRef = EDB57E8F231766980049504E /* Watched.swift */; };
		EDB57E92231769E20049504E /* Series.swift in Sources */ = {isa = PBXBuildFile; fileRef = EDB57E91231769E20049504E /* Series.swift */; };
		EDB57E9423176EC70049504E /* UIImageView+extensions.swift in Sources */ = {isa = PBXBuildFile; fileRef = EDB57E9323176EC70049504E /* UIImageView+extensions.swift */; };
		EDB57E96231885F10049504E /* MockSeriesAPI.swift in Sources */ = {isa = PBXBuildFile; fileRef = EDB57E95231885F10049504E /* MockSeriesAPI.swift */; };
		EDB57E9B231887030049504E /* InfoPlist.strings in Resources */ = {isa = PBXBuildFile; fileRef = EDB57E99231887030049504E /* InfoPlist.strings */; };
		EDB57E9F23188B450049504E /* LoadingCell.swift in Sources */ = {isa = PBXBuildFile; fileRef = EDB57E9E23188B450049504E /* LoadingCell.swift */; };
		EDBEC55323161AF500041D29 /* ShowInfoViewController.swift in Sources */ = {isa = PBXBuildFile; fileRef = EDBEC55223161AF500041D29 /* ShowInfoViewController.swift */; };
		EDBEC55523161B3E00041D29 /* ShowInfoView.swift in Sources */ = {isa = PBXBuildFile; fileRef = EDBEC55423161B3E00041D29 /* ShowInfoView.swift */; };
		EDC8AB422319970100400312 /* Builder.swift in Sources */ = {isa = PBXBuildFile; fileRef = EDC8AB412319970100400312 /* Builder.swift */; };
		EDCBAC5C2327245E0002FAE3 /* ChangeSeasonViewController.swift in Sources */ = {isa = PBXBuildFile; fileRef = EDCBAC5B2327245E0002FAE3 /* ChangeSeasonViewController.swift */; };
		EDCBAC5E232726A90002FAE3 /* ChangeSeasonView.swift in Sources */ = {isa = PBXBuildFile; fileRef = EDCBAC5D232726A80002FAE3 /* ChangeSeasonView.swift */; };
		EDEF975A231C264600025483 /* Series+mock.swift in Sources */ = {isa = PBXBuildFile; fileRef = EDEF9759231C264600025483 /* Series+mock.swift */; };
		EDEF975C231C268E00025483 /* Watched+mock.swift in Sources */ = {isa = PBXBuildFile; fileRef = EDEF975B231C268E00025483 /* Watched+mock.swift */; };
		EDEF975E231C26C900025483 /* SeriesPresenter+mock.swift in Sources */ = {isa = PBXBuildFile; fileRef = EDEF975D231C26C900025483 /* SeriesPresenter+mock.swift */; };
		EDEF9760231C274500025483 /* MockData.swift in Sources */ = {isa = PBXBuildFile; fileRef = EDEF975F231C274500025483 /* MockData.swift */; };
		EDFDB056231497C90045E8D6 /* WatchingViewController.swift in Sources */ = {isa = PBXBuildFile; fileRef = EDFDB055231497C90045E8D6 /* WatchingViewController.swift */; };
		EDFDB0582314985A0045E8D6 /* WatchingView.swift in Sources */ = {isa = PBXBuildFile; fileRef = EDFDB0572314985A0045E8D6 /* WatchingView.swift */; };
/* End PBXBuildFile section */

/* Begin PBXContainerItemProxy section */
		ED909B4F230F006A00A67AC6 /* PBXContainerItemProxy */ = {
			isa = PBXContainerItemProxy;
			containerPortal = ED909B32230F006600A67AC6 /* Project object */;
			proxyType = 1;
			remoteGlobalIDString = ED909B39230F006600A67AC6;
			remoteInfo = Film;
		};
/* End PBXContainerItemProxy section */

/* Begin PBXFileReference section */
		2F8E3A520AA531422403F8B4 /* Pods-FilmTests.release.xcconfig */ = {isa = PBXFileReference; includeInIndex = 1; lastKnownFileType = text.xcconfig; name = "Pods-FilmTests.release.xcconfig"; path = "Target Support Files/Pods-FilmTests/Pods-FilmTests.release.xcconfig"; sourceTree = "<group>"; };
		344E09017FC1AF7DE5053B5A /* Pods-Film.release.xcconfig */ = {isa = PBXFileReference; includeInIndex = 1; lastKnownFileType = text.xcconfig; name = "Pods-Film.release.xcconfig"; path = "Target Support Files/Pods-Film/Pods-Film.release.xcconfig"; sourceTree = "<group>"; };
		3D06F59D32E4BE75B821F3E4 /* Pods_Film.framework */ = {isa = PBXFileReference; explicitFileType = wrapper.framework; includeInIndex = 0; path = Pods_Film.framework; sourceTree = BUILT_PRODUCTS_DIR; };
		6FCFD42B2FB6B4EF121D0DDF /* Pods_FilmTests.framework */ = {isa = PBXFileReference; explicitFileType = wrapper.framework; includeInIndex = 0; path = Pods_FilmTests.framework; sourceTree = BUILT_PRODUCTS_DIR; };
		C50E764FFA0C92871421D32A /* Pods-FilmTests.debug.xcconfig */ = {isa = PBXFileReference; includeInIndex = 1; lastKnownFileType = text.xcconfig; name = "Pods-FilmTests.debug.xcconfig"; path = "Target Support Files/Pods-FilmTests/Pods-FilmTests.debug.xcconfig"; sourceTree = "<group>"; };
		CD48029F391D4C6B1D9C650C /* Pods-Film.debug.xcconfig */ = {isa = PBXFileReference; includeInIndex = 1; lastKnownFileType = text.xcconfig; name = "Pods-Film.debug.xcconfig"; path = "Target Support Files/Pods-Film/Pods-Film.debug.xcconfig"; sourceTree = "<group>"; };
		ED09BD9C2324A3350023DF83 /* MockSeriesInfoAPI.swift */ = {isa = PBXFileReference; lastKnownFileType = sourcecode.swift; path = MockSeriesInfoAPI.swift; sourceTree = "<group>"; };
		ED0D06312327D28D007D3F8B /* SeasonCell.swift */ = {isa = PBXFileReference; lastKnownFileType = sourcecode.swift; path = SeasonCell.swift; sourceTree = "<group>"; };
		ED19987923234E74005D48D3 /* OpenSans-Regular.ttf */ = {isa = PBXFileReference; lastKnownFileType = file; path = "OpenSans-Regular.ttf"; sourceTree = "<group>"; };
		ED19987A23234E74005D48D3 /* OpenSans-Bold.ttf */ = {isa = PBXFileReference; lastKnownFileType = file; path = "OpenSans-Bold.ttf"; sourceTree = "<group>"; };
		ED19987B23234E74005D48D3 /* OpenSans-RegularItalic.ttf */ = {isa = PBXFileReference; lastKnownFileType = file; path = "OpenSans-RegularItalic.ttf"; sourceTree = "<group>"; };
		ED19987C23234E75005D48D3 /* OpenSans-SemiBold.ttf */ = {isa = PBXFileReference; lastKnownFileType = file; path = "OpenSans-SemiBold.ttf"; sourceTree = "<group>"; };
		ED19987D23234E75005D48D3 /* OpenSans-ExtraBoldItalic.ttf */ = {isa = PBXFileReference; lastKnownFileType = file; path = "OpenSans-ExtraBoldItalic.ttf"; sourceTree = "<group>"; };
		ED19987E23234E75005D48D3 /* OpenSans-SemiBoldItalic.ttf */ = {isa = PBXFileReference; lastKnownFileType = file; path = "OpenSans-SemiBoldItalic.ttf"; sourceTree = "<group>"; };
		ED19987F23234E75005D48D3 /* OpenSans-ExtraBold.ttf */ = {isa = PBXFileReference; lastKnownFileType = file; path = "OpenSans-ExtraBold.ttf"; sourceTree = "<group>"; };
		ED19988023234E75005D48D3 /* OpenSans-BoldItalic.ttf */ = {isa = PBXFileReference; lastKnownFileType = file; path = "OpenSans-BoldItalic.ttf"; sourceTree = "<group>"; };
		ED19988123234E75005D48D3 /* OpenSans-LightItalic.ttf */ = {isa = PBXFileReference; lastKnownFileType = file; path = "OpenSans-LightItalic.ttf"; sourceTree = "<group>"; };
		ED19988223234E75005D48D3 /* OpenSans-Light.ttf */ = {isa = PBXFileReference; lastKnownFileType = file; path = "OpenSans-Light.ttf"; sourceTree = "<group>"; };
		ED1CC3A6231620790061EE21 /* EpisodeCell.swift */ = {isa = PBXFileReference; lastKnownFileType = sourcecode.swift; path = EpisodeCell.swift; sourceTree = "<group>"; };
		ED1CC3A8231624FC0061EE21 /* HeaderView.swift */ = {isa = PBXFileReference; lastKnownFileType = sourcecode.swift; path = HeaderView.swift; sourceTree = "<group>"; };
		ED1FEEBA2318B73900DE69AB /* AlertView.swift */ = {isa = PBXFileReference; lastKnownFileType = sourcecode.swift; path = AlertView.swift; sourceTree = "<group>"; };
		ED1FEEBC2318B74100DE69AB /* AlertViewController.swift */ = {isa = PBXFileReference; lastKnownFileType = sourcecode.swift; path = AlertViewController.swift; sourceTree = "<group>"; };
		ED2DBB402315E356009250EC /* ShowsCell.swift */ = {isa = PBXFileReference; lastKnownFileType = sourcecode.swift; path = ShowsCell.swift; sourceTree = "<group>"; };
		ED57FC7B2313398B0001A9AB /* UIColor+extensions.swift */ = {isa = PBXFileReference; lastKnownFileType = sourcecode.swift; path = "UIColor+extensions.swift"; sourceTree = "<group>"; };
		ED57FC96231350F30001A9AB /* Roboto-Thin.ttf */ = {isa = PBXFileReference; lastKnownFileType = file; name = "Roboto-Thin.ttf"; path = "../Roboto-Thin.ttf"; sourceTree = "<group>"; };
		ED57FC97231350F30001A9AB /* Roboto-Light.ttf */ = {isa = PBXFileReference; lastKnownFileType = file; name = "Roboto-Light.ttf"; path = "../Roboto-Light.ttf"; sourceTree = "<group>"; };
		ED57FC98231350F30001A9AB /* Roboto-LightItalic.ttf */ = {isa = PBXFileReference; lastKnownFileType = file; name = "Roboto-LightItalic.ttf"; path = "../Roboto-LightItalic.ttf"; sourceTree = "<group>"; };
		ED57FC99231350F30001A9AB /* Roboto-Black.ttf */ = {isa = PBXFileReference; lastKnownFileType = file; name = "Roboto-Black.ttf"; path = "../Roboto-Black.ttf"; sourceTree = "<group>"; };
		ED57FC9A231350F30001A9AB /* Roboto-BoldItalic.ttf */ = {isa = PBXFileReference; lastKnownFileType = file; name = "Roboto-BoldItalic.ttf"; path = "../Roboto-BoldItalic.ttf"; sourceTree = "<group>"; };
		ED57FC9B231350F40001A9AB /* Roboto-Medium.ttf */ = {isa = PBXFileReference; lastKnownFileType = file; name = "Roboto-Medium.ttf"; path = "../Roboto-Medium.ttf"; sourceTree = "<group>"; };
		ED57FC9C231350F40001A9AB /* Roboto-MediumItalic.ttf */ = {isa = PBXFileReference; lastKnownFileType = file; name = "Roboto-MediumItalic.ttf"; path = "../Roboto-MediumItalic.ttf"; sourceTree = "<group>"; };
		ED57FC9D231350F40001A9AB /* Roboto-ThinItalic.ttf */ = {isa = PBXFileReference; lastKnownFileType = file; name = "Roboto-ThinItalic.ttf"; path = "../Roboto-ThinItalic.ttf"; sourceTree = "<group>"; };
		ED57FC9E231350F40001A9AB /* Roboto-BlackItalic.ttf */ = {isa = PBXFileReference; lastKnownFileType = file; name = "Roboto-BlackItalic.ttf"; path = "../Roboto-BlackItalic.ttf"; sourceTree = "<group>"; };
		ED57FC9F231350F40001A9AB /* Roboto-Regular.ttf */ = {isa = PBXFileReference; lastKnownFileType = file; name = "Roboto-Regular.ttf"; path = "../Roboto-Regular.ttf"; sourceTree = "<group>"; };
		ED57FCA0231350F40001A9AB /* Roboto-Bold.ttf */ = {isa = PBXFileReference; lastKnownFileType = file; name = "Roboto-Bold.ttf"; path = "../Roboto-Bold.ttf"; sourceTree = "<group>"; };
		ED57FCA1231350F40001A9AB /* Roboto-RegularItalic.ttf */ = {isa = PBXFileReference; lastKnownFileType = file; name = "Roboto-RegularItalic.ttf"; path = "../Roboto-RegularItalic.ttf"; sourceTree = "<group>"; };
		ED57FCB023137CB20001A9AB /* Film.swift */ = {isa = PBXFileReference; lastKnownFileType = sourcecode.swift; path = Film.swift; sourceTree = "<group>"; };
		ED57FCB2231383540001A9AB /* CGRect+extensions.swift */ = {isa = PBXFileReference; lastKnownFileType = sourcecode.swift; path = "CGRect+extensions.swift"; sourceTree = "<group>"; };
		ED5AC1042314C45A0098A161 /* Images.swift */ = {isa = PBXFileReference; lastKnownFileType = sourcecode.swift; path = Images.swift; sourceTree = "<group>"; };
		ED5AC10B2314DD4D0098A161 /* ShowsViewController.swift */ = {isa = PBXFileReference; lastKnownFileType = sourcecode.swift; path = ShowsViewController.swift; sourceTree = "<group>"; };
		ED5AC10D2314DDA30098A161 /* ShowsView.swift */ = {isa = PBXFileReference; lastKnownFileType = sourcecode.swift; path = ShowsView.swift; sourceTree = "<group>"; };
		ED5AC10F2314DDD00098A161 /* MoviesViewController.swift */ = {isa = PBXFileReference; lastKnownFileType = sourcecode.swift; path = MoviesViewController.swift; sourceTree = "<group>"; };
		ED5AC1112314DDEF0098A161 /* MoviesView.swift */ = {isa = PBXFileReference; lastKnownFileType = sourcecode.swift; path = MoviesView.swift; sourceTree = "<group>"; };
		ED5AC1132314DE0C0098A161 /* SettingsViewController.swift */ = {isa = PBXFileReference; lastKnownFileType = sourcecode.swift; path = SettingsViewController.swift; sourceTree = "<group>"; };
		ED5AC1152314DE140098A161 /* SettingsView.swift */ = {isa = PBXFileReference; lastKnownFileType = sourcecode.swift; path = SettingsView.swift; sourceTree = "<group>"; };
		ED5AC1172314DE590098A161 /* WelcomeViewController.swift */ = {isa = PBXFileReference; lastKnownFileType = sourcecode.swift; path = WelcomeViewController.swift; sourceTree = "<group>"; };
		ED5AC1192314DE610098A161 /* WelcomeView.swift */ = {isa = PBXFileReference; lastKnownFileType = sourcecode.swift; path = WelcomeView.swift; sourceTree = "<group>"; };
		ED5AC11B2314E5600098A161 /* ru */ = {isa = PBXFileReference; lastKnownFileType = text.plist.strings; name = ru; path = ru.lproj/LaunchScreen.strings; sourceTree = "<group>"; };
		ED5AC1202314E5DE0098A161 /* en */ = {isa = PBXFileReference; lastKnownFileType = text.plist.strings; name = en; path = en.lproj/Localizable.strings; sourceTree = "<group>"; };
		ED5AC1222314E6670098A161 /* ru */ = {isa = PBXFileReference; lastKnownFileType = text.plist.strings; name = ru; path = ru.lproj/Localizable.strings; sourceTree = "<group>"; };
		ED5AC1232314E6A40098A161 /* String+extensions.swift */ = {isa = PBXFileReference; lastKnownFileType = sourcecode.swift; path = "String+extensions.swift"; sourceTree = "<group>"; };
		ED5AC12523157A260098A161 /* Coordinator.swift */ = {isa = PBXFileReference; lastKnownFileType = sourcecode.swift; path = Coordinator.swift; sourceTree = "<group>"; };
		ED5AC12723158FED0098A161 /* CustomNavigationBar.swift */ = {isa = PBXFileReference; lastKnownFileType = sourcecode.swift; path = CustomNavigationBar.swift; sourceTree = "<group>"; };
		ED5AC1292315A65F0098A161 /* UIViewController+extensions.swift */ = {isa = PBXFileReference; lastKnownFileType = sourcecode.swift; path = "UIViewController+extensions.swift"; sourceTree = "<group>"; };
		ED5AC12B2315A7600098A161 /* WatchingCell.swift */ = {isa = PBXFileReference; lastKnownFileType = sourcecode.swift; path = WatchingCell.swift; sourceTree = "<group>"; };
		ED5AC12D2315CE500098A161 /* Fonts.swift */ = {isa = PBXFileReference; lastKnownFileType = sourcecode.swift; path = Fonts.swift; sourceTree = "<group>"; };
		ED70C09C231C302900380BE0 /* MoviesPresenter.swift */ = {isa = PBXFileReference; lastKnownFileType = sourcecode.swift; path = MoviesPresenter.swift; sourceTree = "<group>"; };
		ED8060A5231B76CD0032A128 /* SeriesPresenter.swift */ = {isa = PBXFileReference; lastKnownFileType = sourcecode.swift; path = SeriesPresenter.swift; sourceTree = "<group>"; };
		ED82DBBF2314620F00FEC56A /* VolumeController.swift */ = {isa = PBXFileReference; lastKnownFileType = sourcecode.swift; path = VolumeController.swift; sourceTree = "<group>"; };
		ED82DBC1231464E000FEC56A /* VideoPlayerController+Volume.swift */ = {isa = PBXFileReference; lastKnownFileType = sourcecode.swift; path = "VideoPlayerController+Volume.swift"; sourceTree = "<group>"; };
		ED82DBC423146B0F00FEC56A /* Debugger.swift */ = {isa = PBXFileReference; lastKnownFileType = sourcecode.swift; path = Debugger.swift; sourceTree = "<group>"; };
		ED909B3A230F006600A67AC6 /* Film.app */ = {isa = PBXFileReference; explicitFileType = wrapper.application; includeInIndex = 0; path = Film.app; sourceTree = BUILT_PRODUCTS_DIR; };
		ED909B3D230F006600A67AC6 /* AppDelegate.swift */ = {isa = PBXFileReference; lastKnownFileType = sourcecode.swift; path = AppDelegate.swift; sourceTree = "<group>"; };
		ED909B3F230F006600A67AC6 /* VideoPlayerController.swift */ = {isa = PBXFileReference; lastKnownFileType = sourcecode.swift; path = VideoPlayerController.swift; sourceTree = "<group>"; };
		ED909B44230F006A00A67AC6 /* Assets.xcassets */ = {isa = PBXFileReference; lastKnownFileType = folder.assetcatalog; path = Assets.xcassets; sourceTree = "<group>"; };
		ED909B47230F006A00A67AC6 /* Base */ = {isa = PBXFileReference; lastKnownFileType = file.storyboard; name = Base; path = Base.lproj/LaunchScreen.storyboard; sourceTree = "<group>"; };
		ED909B49230F006A00A67AC6 /* Info.plist */ = {isa = PBXFileReference; lastKnownFileType = text.plist.xml; path = Info.plist; sourceTree = "<group>"; };
		ED909B4E230F006A00A67AC6 /* FilmTests.xctest */ = {isa = PBXFileReference; explicitFileType = wrapper.cfbundle; includeInIndex = 0; path = FilmTests.xctest; sourceTree = BUILT_PRODUCTS_DIR; };
		ED909B52230F006A00A67AC6 /* FilmTests.swift */ = {isa = PBXFileReference; lastKnownFileType = sourcecode.swift; path = FilmTests.swift; sourceTree = "<group>"; };
		ED909B54230F006A00A67AC6 /* Info.plist */ = {isa = PBXFileReference; lastKnownFileType = text.plist.xml; path = Info.plist; sourceTree = "<group>"; };
		ED909B6123123C8300A67AC6 /* Film-Bridging-Header.h */ = {isa = PBXFileReference; lastKnownFileType = sourcecode.c.h; path = "Film-Bridging-Header.h"; sourceTree = "<group>"; };
		ED909B6223123C8300A67AC6 /* header.m */ = {isa = PBXFileReference; lastKnownFileType = sourcecode.c.objc; path = header.m; sourceTree = "<group>"; };
		ED909B642312444300A67AC6 /* AudioToolbox.framework */ = {isa = PBXFileReference; lastKnownFileType = wrapper.framework; name = AudioToolbox.framework; path = System/Library/Frameworks/AudioToolbox.framework; sourceTree = SDKROOT; };
		ED909B662312444A00A67AC6 /* AVFoundation.framework */ = {isa = PBXFileReference; lastKnownFileType = wrapper.framework; name = AVFoundation.framework; path = System/Library/Frameworks/AVFoundation.framework; sourceTree = SDKROOT; };
		ED909B682312445100A67AC6 /* CFNetwork.framework */ = {isa = PBXFileReference; lastKnownFileType = wrapper.framework; name = CFNetwork.framework; path = System/Library/Frameworks/CFNetwork.framework; sourceTree = SDKROOT; };
		ED909B6A2312445600A67AC6 /* CoreFoundation.framework */ = {isa = PBXFileReference; lastKnownFileType = wrapper.framework; name = CoreFoundation.framework; path = System/Library/Frameworks/CoreFoundation.framework; sourceTree = SDKROOT; };
		ED909B6C2312445D00A67AC6 /* CoreGraphics.framework */ = {isa = PBXFileReference; lastKnownFileType = wrapper.framework; name = CoreGraphics.framework; path = System/Library/Frameworks/CoreGraphics.framework; sourceTree = SDKROOT; };
		ED909B6E2312446300A67AC6 /* CoreMedia.framework */ = {isa = PBXFileReference; lastKnownFileType = wrapper.framework; name = CoreMedia.framework; path = System/Library/Frameworks/CoreMedia.framework; sourceTree = SDKROOT; };
		ED909B702312446900A67AC6 /* CoreText.framework */ = {isa = PBXFileReference; lastKnownFileType = wrapper.framework; name = CoreText.framework; path = System/Library/Frameworks/CoreText.framework; sourceTree = SDKROOT; };
		ED909B722312446F00A67AC6 /* CoreVideo.framework */ = {isa = PBXFileReference; lastKnownFileType = wrapper.framework; name = CoreVideo.framework; path = System/Library/Frameworks/CoreVideo.framework; sourceTree = SDKROOT; };
		ED909B742312447900A67AC6 /* Foundation.framework */ = {isa = PBXFileReference; lastKnownFileType = wrapper.framework; name = Foundation.framework; path = System/Library/Frameworks/Foundation.framework; sourceTree = SDKROOT; };
		ED909B762312448400A67AC6 /* libbz2.tbd */ = {isa = PBXFileReference; lastKnownFileType = "sourcecode.text-based-dylib-definition"; name = libbz2.tbd; path = usr/lib/libbz2.tbd; sourceTree = SDKROOT; };
		ED909B782312448A00A67AC6 /* libiconv.tbd */ = {isa = PBXFileReference; lastKnownFileType = "sourcecode.text-based-dylib-definition"; name = libiconv.tbd; path = usr/lib/libiconv.tbd; sourceTree = SDKROOT; };
		ED909B7A2312448F00A67AC6 /* OpenGLES.framework */ = {isa = PBXFileReference; lastKnownFileType = wrapper.framework; name = OpenGLES.framework; path = System/Library/Frameworks/OpenGLES.framework; sourceTree = SDKROOT; };
		ED909B7C2312449500A67AC6 /* QuartzCore.framework */ = {isa = PBXFileReference; lastKnownFileType = wrapper.framework; name = QuartzCore.framework; path = System/Library/Frameworks/QuartzCore.framework; sourceTree = SDKROOT; };
		ED909B7E2312449B00A67AC6 /* Security.framework */ = {isa = PBXFileReference; lastKnownFileType = wrapper.framework; name = Security.framework; path = System/Library/Frameworks/Security.framework; sourceTree = SDKROOT; };
		ED909B80231244A000A67AC6 /* VideoToolbox.framework */ = {isa = PBXFileReference; lastKnownFileType = wrapper.framework; name = VideoToolbox.framework; path = System/Library/Frameworks/VideoToolbox.framework; sourceTree = SDKROOT; };
		ED909B8323124C8F00A67AC6 /* UIView+extensions.swift */ = {isa = PBXFileReference; lastKnownFileType = sourcecode.swift; path = "UIView+extensions.swift"; sourceTree = "<group>"; };
		ED909B8523124CC500A67AC6 /* VideoPlayerView.swift */ = {isa = PBXFileReference; lastKnownFileType = sourcecode.swift; path = VideoPlayerView.swift; sourceTree = "<group>"; };
		ED90FC7A2322023C00452408 /* NunitoSans-Regular.ttf */ = {isa = PBXFileReference; lastKnownFileType = file; path = "NunitoSans-Regular.ttf"; sourceTree = "<group>"; };
		ED90FC7B2322023C00452408 /* NunitoSans-ExtraBold.ttf */ = {isa = PBXFileReference; lastKnownFileType = file; path = "NunitoSans-ExtraBold.ttf"; sourceTree = "<group>"; };
		ED90FC7C2322023C00452408 /* NunitoSans-SemiBold.ttf */ = {isa = PBXFileReference; lastKnownFileType = file; path = "NunitoSans-SemiBold.ttf"; sourceTree = "<group>"; };
		ED90FC7D2322023D00452408 /* NunitoSans-LightItalic.ttf */ = {isa = PBXFileReference; lastKnownFileType = file; path = "NunitoSans-LightItalic.ttf"; sourceTree = "<group>"; };
		ED90FC7E2322023D00452408 /* NunitoSans-ExtraLight.ttf */ = {isa = PBXFileReference; lastKnownFileType = file; path = "NunitoSans-ExtraLight.ttf"; sourceTree = "<group>"; };
		ED90FC7F2322023D00452408 /* NunitoSans-Black.ttf */ = {isa = PBXFileReference; lastKnownFileType = file; path = "NunitoSans-Black.ttf"; sourceTree = "<group>"; };
		ED90FC802322023D00452408 /* NunitoSans-SemiBoldItalic.ttf */ = {isa = PBXFileReference; lastKnownFileType = file; path = "NunitoSans-SemiBoldItalic.ttf"; sourceTree = "<group>"; };
		ED90FC812322023D00452408 /* NunitoSans-RegularItalic.ttf */ = {isa = PBXFileReference; lastKnownFileType = file; path = "NunitoSans-RegularItalic.ttf"; sourceTree = "<group>"; };
		ED90FC822322023D00452408 /* NunitoSans-Bold.ttf */ = {isa = PBXFileReference; lastKnownFileType = file; path = "NunitoSans-Bold.ttf"; sourceTree = "<group>"; };
		ED90FC832322023D00452408 /* NunitoSans-Light.ttf */ = {isa = PBXFileReference; lastKnownFileType = file; path = "NunitoSans-Light.ttf"; sourceTree = "<group>"; };
		ED90FC842322023D00452408 /* NunitoSans-ExtraBoldItalic.ttf */ = {isa = PBXFileReference; lastKnownFileType = file; path = "NunitoSans-ExtraBoldItalic.ttf"; sourceTree = "<group>"; };
		ED90FC852322023D00452408 /* NunitoSans-BoldItalic.ttf */ = {isa = PBXFileReference; lastKnownFileType = file; path = "NunitoSans-BoldItalic.ttf"; sourceTree = "<group>"; };
		ED90FC862322023E00452408 /* NunitoSans-ExtraLightItalic.ttf */ = {isa = PBXFileReference; lastKnownFileType = file; path = "NunitoSans-ExtraLightItalic.ttf"; sourceTree = "<group>"; };
		ED90FC872322023E00452408 /* NunitoSans-BlackItalic.ttf */ = {isa = PBXFileReference; lastKnownFileType = file; path = "NunitoSans-BlackItalic.ttf"; sourceTree = "<group>"; };
		ED9B00AF23149B7F004D509C /* RobotoCondensed-Bold.ttf */ = {isa = PBXFileReference; lastKnownFileType = file; path = "RobotoCondensed-Bold.ttf"; sourceTree = "<group>"; };
		ED9B00B023149B7F004D509C /* RobotoCondensed-Light.ttf */ = {isa = PBXFileReference; lastKnownFileType = file; path = "RobotoCondensed-Light.ttf"; sourceTree = "<group>"; };
		ED9B00B123149B7F004D509C /* RobotoCondensed-Regular.ttf */ = {isa = PBXFileReference; lastKnownFileType = file; path = "RobotoCondensed-Regular.ttf"; sourceTree = "<group>"; };
		ED9B00B223149B7F004D509C /* RobotoCondensed-RegularItalic.ttf */ = {isa = PBXFileReference; lastKnownFileType = file; path = "RobotoCondensed-RegularItalic.ttf"; sourceTree = "<group>"; };
		ED9B00B323149B7F004D509C /* RobotoCondensed-LightItalic.ttf */ = {isa = PBXFileReference; lastKnownFileType = file; path = "RobotoCondensed-LightItalic.ttf"; sourceTree = "<group>"; };
		ED9B00B423149B7F004D509C /* RobotoCondensed-BoldItalic.ttf */ = {isa = PBXFileReference; lastKnownFileType = file; path = "RobotoCondensed-BoldItalic.ttf"; sourceTree = "<group>"; };
		EDACC49B2319FE6B005DC09C /* MockWatchedAPI.swift */ = {isa = PBXFileReference; lastKnownFileType = sourcecode.swift; path = MockWatchedAPI.swift; sourceTree = "<group>"; };
		EDACC49D231A0D8E005DC09C /* CustomMarginButton.swift */ = {isa = PBXFileReference; lastKnownFileType = sourcecode.swift; path = CustomMarginButton.swift; sourceTree = "<group>"; };
		EDB0CD3A231B516000246CDF /* StandardSettings.swift */ = {isa = PBXFileReference; lastKnownFileType = sourcecode.swift; path = StandardSettings.swift; sourceTree = "<group>"; };
		EDB0CD3C231B57EE00246CDF /* IdleCell.swift */ = {isa = PBXFileReference; lastKnownFileType = sourcecode.swift; path = IdleCell.swift; sourceTree = "<group>"; };
		EDB57E8F231766980049504E /* Watched.swift */ = {isa = PBXFileReference; lastKnownFileType = sourcecode.swift; path = Watched.swift; sourceTree = "<group>"; };
		EDB57E91231769E20049504E /* Series.swift */ = {isa = PBXFileReference; lastKnownFileType = sourcecode.swift; path = Series.swift; sourceTree = "<group>"; };
		EDB57E9323176EC70049504E /* UIImageView+extensions.swift */ = {isa = PBXFileReference; lastKnownFileType = sourcecode.swift; path = "UIImageView+extensions.swift"; sourceTree = "<group>"; };
		EDB57E95231885F10049504E /* MockSeriesAPI.swift */ = {isa = PBXFileReference; lastKnownFileType = sourcecode.swift; path = MockSeriesAPI.swift; sourceTree = "<group>"; };
		EDB57E9A231887030049504E /* Base */ = {isa = PBXFileReference; lastKnownFileType = text.plist.strings; name = Base; path = Base.lproj/InfoPlist.strings; sourceTree = "<group>"; };
		EDB57E9C231887390049504E /* en */ = {isa = PBXFileReference; lastKnownFileType = text.plist.strings; name = en; path = en.lproj/InfoPlist.strings; sourceTree = "<group>"; };
		EDB57E9D2318873C0049504E /* ru */ = {isa = PBXFileReference; lastKnownFileType = text.plist.strings; name = ru; path = ru.lproj/InfoPlist.strings; sourceTree = "<group>"; };
		EDB57E9E23188B450049504E /* LoadingCell.swift */ = {isa = PBXFileReference; lastKnownFileType = sourcecode.swift; path = LoadingCell.swift; sourceTree = "<group>"; };
		EDBEC55223161AF500041D29 /* ShowInfoViewController.swift */ = {isa = PBXFileReference; lastKnownFileType = sourcecode.swift; path = ShowInfoViewController.swift; sourceTree = "<group>"; };
		EDBEC55423161B3E00041D29 /* ShowInfoView.swift */ = {isa = PBXFileReference; lastKnownFileType = sourcecode.swift; path = ShowInfoView.swift; sourceTree = "<group>"; };
		EDC8AB412319970100400312 /* Builder.swift */ = {isa = PBXFileReference; lastKnownFileType = sourcecode.swift; path = Builder.swift; sourceTree = "<group>"; };
		EDCBAC5B2327245E0002FAE3 /* ChangeSeasonViewController.swift */ = {isa = PBXFileReference; lastKnownFileType = sourcecode.swift; path = ChangeSeasonViewController.swift; sourceTree = "<group>"; };
		EDCBAC5D232726A80002FAE3 /* ChangeSeasonView.swift */ = {isa = PBXFileReference; lastKnownFileType = sourcecode.swift; path = ChangeSeasonView.swift; sourceTree = "<group>"; };
		EDEF9759231C264600025483 /* Series+mock.swift */ = {isa = PBXFileReference; lastKnownFileType = sourcecode.swift; path = "Series+mock.swift"; sourceTree = "<group>"; };
		EDEF975B231C268E00025483 /* Watched+mock.swift */ = {isa = PBXFileReference; lastKnownFileType = sourcecode.swift; path = "Watched+mock.swift"; sourceTree = "<group>"; };
		EDEF975D231C26C900025483 /* SeriesPresenter+mock.swift */ = {isa = PBXFileReference; lastKnownFileType = sourcecode.swift; path = "SeriesPresenter+mock.swift"; sourceTree = "<group>"; };
		EDEF975F231C274500025483 /* MockData.swift */ = {isa = PBXFileReference; lastKnownFileType = sourcecode.swift; path = MockData.swift; sourceTree = "<group>"; };
		EDFDB055231497C90045E8D6 /* WatchingViewController.swift */ = {isa = PBXFileReference; lastKnownFileType = sourcecode.swift; path = WatchingViewController.swift; sourceTree = "<group>"; };
		EDFDB0572314985A0045E8D6 /* WatchingView.swift */ = {isa = PBXFileReference; lastKnownFileType = sourcecode.swift; path = WatchingView.swift; sourceTree = "<group>"; };
/* End PBXFileReference section */

/* Begin PBXFrameworksBuildPhase section */
		ED909B37230F006600A67AC6 /* Frameworks */ = {
			isa = PBXFrameworksBuildPhase;
			buildActionMask = 2147483647;
			files = (
				A4845765411C5C49E0C935CB /* Pods_Film.framework in Frameworks */,
			);
			runOnlyForDeploymentPostprocessing = 0;
		};
		ED909B4B230F006A00A67AC6 /* Frameworks */ = {
			isa = PBXFrameworksBuildPhase;
			buildActionMask = 2147483647;
			files = (
				74E7E0C53A3EEBF1995B28C8 /* Pods_FilmTests.framework in Frameworks */,
			);
			runOnlyForDeploymentPostprocessing = 0;
		};
/* End PBXFrameworksBuildPhase section */

/* Begin PBXGroup section */
		4884A9E89C7141F1731098EC /* Pods */ = {
			isa = PBXGroup;
			children = (
				CD48029F391D4C6B1D9C650C /* Pods-Film.debug.xcconfig */,
				344E09017FC1AF7DE5053B5A /* Pods-Film.release.xcconfig */,
				C50E764FFA0C92871421D32A /* Pods-FilmTests.debug.xcconfig */,
				2F8E3A520AA531422403F8B4 /* Pods-FilmTests.release.xcconfig */,
			);
			path = Pods;
			sourceTree = "<group>";
		};
		9237282937059B30DB123997 /* Frameworks */ = {
			isa = PBXGroup;
			children = (
				ED909B80231244A000A67AC6 /* VideoToolbox.framework */,
				ED909B7E2312449B00A67AC6 /* Security.framework */,
				ED909B7C2312449500A67AC6 /* QuartzCore.framework */,
				ED909B7A2312448F00A67AC6 /* OpenGLES.framework */,
				ED909B782312448A00A67AC6 /* libiconv.tbd */,
				ED909B762312448400A67AC6 /* libbz2.tbd */,
				ED909B742312447900A67AC6 /* Foundation.framework */,
				ED909B722312446F00A67AC6 /* CoreVideo.framework */,
				ED909B702312446900A67AC6 /* CoreText.framework */,
				ED909B6E2312446300A67AC6 /* CoreMedia.framework */,
				ED909B6C2312445D00A67AC6 /* CoreGraphics.framework */,
				ED909B6A2312445600A67AC6 /* CoreFoundation.framework */,
				ED909B682312445100A67AC6 /* CFNetwork.framework */,
				ED909B662312444A00A67AC6 /* AVFoundation.framework */,
				ED909B642312444300A67AC6 /* AudioToolbox.framework */,
				3D06F59D32E4BE75B821F3E4 /* Pods_Film.framework */,
				6FCFD42B2FB6B4EF121D0DDF /* Pods_FilmTests.framework */,
			);
			name = Frameworks;
			sourceTree = "<group>";
		};
		ED19987823234E3A005D48D3 /* Open Sans */ = {
			isa = PBXGroup;
			children = (
				ED19987A23234E74005D48D3 /* OpenSans-Bold.ttf */,
				ED19988023234E75005D48D3 /* OpenSans-BoldItalic.ttf */,
				ED19987F23234E75005D48D3 /* OpenSans-ExtraBold.ttf */,
				ED19987D23234E75005D48D3 /* OpenSans-ExtraBoldItalic.ttf */,
				ED19988223234E75005D48D3 /* OpenSans-Light.ttf */,
				ED19988123234E75005D48D3 /* OpenSans-LightItalic.ttf */,
				ED19987923234E74005D48D3 /* OpenSans-Regular.ttf */,
				ED19987B23234E74005D48D3 /* OpenSans-RegularItalic.ttf */,
				ED19987C23234E75005D48D3 /* OpenSans-SemiBold.ttf */,
				ED19987E23234E75005D48D3 /* OpenSans-SemiBoldItalic.ttf */,
			);
			path = "Open Sans";
			sourceTree = "<group>";
		};
		ED1FEEB92318B71900DE69AB /* Alert */ = {
			isa = PBXGroup;
			children = (
				ED1FEEBC2318B74100DE69AB /* AlertViewController.swift */,
				ED1FEEBA2318B73900DE69AB /* AlertView.swift */,
			);
			path = Alert;
			sourceTree = "<group>";
		};
		ED57FC7D23134AF50001A9AB /* Fonts */ = {
			isa = PBXGroup;
			children = (
				ED19987823234E3A005D48D3 /* Open Sans */,
				ED90FC792322021300452408 /* Nunito Sans */,
				ED9B00AE23149B68004D509C /* Roboto Condensed */,
				EDFDB05A23149B140045E8D6 /* Roboto */,
			);
			path = Fonts;
			sourceTree = "<group>";
		};
		ED57FCAE2313669A0001A9AB /* Main */ = {
			isa = PBXGroup;
			children = (
				EDB0CD39231AEA1900246CDF /* Reusable views */,
				ED5AC10A2314DD330098A161 /* Welcome */,
				EDFDB054231495EF0045E8D6 /* Tabs */,
				ED57FCAF231366A80001A9AB /* VideoPlayer */,
				EDBEC5512316181A00041D29 /* Information */,
			);
			path = Main;
			sourceTree = "<group>";
		};
		ED57FCAF231366A80001A9AB /* VideoPlayer */ = {
			isa = PBXGroup;
			children = (
				ED82DBC3231464F900FEC56A /* Volume Module */,
				ED909B3F230F006600A67AC6 /* VideoPlayerController.swift */,
				ED909B8523124CC500A67AC6 /* VideoPlayerView.swift */,
				ED57FCB023137CB20001A9AB /* Film.swift */,
			);
			path = VideoPlayer;
			sourceTree = "<group>";
		};
		ED5AC1062314DCF00098A161 /* Watching */ = {
			isa = PBXGroup;
			children = (
				EDFDB055231497C90045E8D6 /* WatchingViewController.swift */,
				EDFDB0572314985A0045E8D6 /* WatchingView.swift */,
				ED5AC12B2315A7600098A161 /* WatchingCell.swift */,
				EDB0CD3C231B57EE00246CDF /* IdleCell.swift */,
			);
			path = Watching;
			sourceTree = "<group>";
		};
		ED5AC1072314DCF70098A161 /* Shows */ = {
			isa = PBXGroup;
			children = (
				ED5AC10B2314DD4D0098A161 /* ShowsViewController.swift */,
				ED5AC10D2314DDA30098A161 /* ShowsView.swift */,
				ED2DBB402315E356009250EC /* ShowsCell.swift */,
				EDB57E9E23188B450049504E /* LoadingCell.swift */,
			);
			path = Shows;
			sourceTree = "<group>";
		};
		ED5AC1082314DD0C0098A161 /* Movies */ = {
			isa = PBXGroup;
			children = (
				ED5AC10F2314DDD00098A161 /* MoviesViewController.swift */,
				ED5AC1112314DDEF0098A161 /* MoviesView.swift */,
			);
			path = Movies;
			sourceTree = "<group>";
		};
		ED5AC1092314DD190098A161 /* Settings */ = {
			isa = PBXGroup;
			children = (
				ED5AC1132314DE0C0098A161 /* SettingsViewController.swift */,
				ED5AC1152314DE140098A161 /* SettingsView.swift */,
			);
			path = Settings;
			sourceTree = "<group>";
		};
		ED5AC10A2314DD330098A161 /* Welcome */ = {
			isa = PBXGroup;
			children = (
				ED5AC1172314DE590098A161 /* WelcomeViewController.swift */,
				ED5AC1192314DE610098A161 /* WelcomeView.swift */,
			);
			path = Welcome;
			sourceTree = "<group>";
		};
		ED82DBC3231464F900FEC56A /* Volume Module */ = {
			isa = PBXGroup;
			children = (
				ED82DBBF2314620F00FEC56A /* VolumeController.swift */,
				ED82DBC1231464E000FEC56A /* VideoPlayerController+Volume.swift */,
			);
			path = "Volume Module";
			sourceTree = "<group>";
		};
		ED909B31230F006600A67AC6 = {
			isa = PBXGroup;
			children = (
				ED909B3C230F006600A67AC6 /* Film */,
				ED909B51230F006A00A67AC6 /* FilmTests */,
				ED909B3B230F006600A67AC6 /* Products */,
				4884A9E89C7141F1731098EC /* Pods */,
				9237282937059B30DB123997 /* Frameworks */,
			);
			sourceTree = "<group>";
		};
		ED909B3B230F006600A67AC6 /* Products */ = {
			isa = PBXGroup;
			children = (
				ED909B3A230F006600A67AC6 /* Film.app */,
				ED909B4E230F006A00A67AC6 /* FilmTests.xctest */,
			);
			name = Products;
			sourceTree = "<group>";
		};
		ED909B3C230F006600A67AC6 /* Film */ = {
			isa = PBXGroup;
			children = (
				ED909B49230F006A00A67AC6 /* Info.plist */,
				ED909B8223124C8000A67AC6 /* Extensions */,
				ED909B5F231232FD00A67AC6 /* Singletons */,
				EDC8AB432319971900400312 /* Coordinator */,
				ED909B5E230F00A100A67AC6 /* Resources */,
				ED909B5D230F009400A67AC6 /* Supporting Files */,
				EDB57E8E231766890049504E /* Model */,
				ED57FCAE2313669A0001A9AB /* Main */,
			);
			path = Film;
			sourceTree = "<group>";
		};
		ED909B51230F006A00A67AC6 /* FilmTests */ = {
			isa = PBXGroup;
			children = (
				ED909B52230F006A00A67AC6 /* FilmTests.swift */,
				ED909B54230F006A00A67AC6 /* Info.plist */,
			);
			path = FilmTests;
			sourceTree = "<group>";
		};
		ED909B5D230F009400A67AC6 /* Supporting Files */ = {
			isa = PBXGroup;
			children = (
				ED909B46230F006A00A67AC6 /* LaunchScreen.storyboard */,
				ED909B6123123C8300A67AC6 /* Film-Bridging-Header.h */,
				ED909B6223123C8300A67AC6 /* header.m */,
			);
			path = "Supporting Files";
			sourceTree = "<group>";
		};
		ED909B5E230F00A100A67AC6 /* Resources */ = {
			isa = PBXGroup;
			children = (
				ED909B44230F006A00A67AC6 /* Assets.xcassets */,
				ED5AC1212314E5DE0098A161 /* Localizable.strings */,
				EDB57E99231887030049504E /* InfoPlist.strings */,
				ED57FC7D23134AF50001A9AB /* Fonts */,
			);
			path = Resources;
			sourceTree = "<group>";
		};
		ED909B5F231232FD00A67AC6 /* Singletons */ = {
			isa = PBXGroup;
			children = (
				ED909B3D230F006600A67AC6 /* AppDelegate.swift */,
				ED82DBC423146B0F00FEC56A /* Debugger.swift */,
				ED5AC1042314C45A0098A161 /* Images.swift */,
				ED5AC12D2315CE500098A161 /* Fonts.swift */,
			);
			path = Singletons;
			sourceTree = "<group>";
		};
		ED909B8223124C8000A67AC6 /* Extensions */ = {
			isa = PBXGroup;
			children = (
				ED909B8323124C8F00A67AC6 /* UIView+extensions.swift */,
				ED57FC7B2313398B0001A9AB /* UIColor+extensions.swift */,
				ED57FCB2231383540001A9AB /* CGRect+extensions.swift */,
				ED5AC1232314E6A40098A161 /* String+extensions.swift */,
				ED5AC1292315A65F0098A161 /* UIViewController+extensions.swift */,
				EDB57E9323176EC70049504E /* UIImageView+extensions.swift */,
			);
			path = Extensions;
			sourceTree = "<group>";
		};
		ED90FC792322021300452408 /* Nunito Sans */ = {
			isa = PBXGroup;
			children = (
				ED90FC7F2322023D00452408 /* NunitoSans-Black.ttf */,
				ED90FC872322023E00452408 /* NunitoSans-BlackItalic.ttf */,
				ED90FC822322023D00452408 /* NunitoSans-Bold.ttf */,
				ED90FC852322023D00452408 /* NunitoSans-BoldItalic.ttf */,
				ED90FC7B2322023C00452408 /* NunitoSans-ExtraBold.ttf */,
				ED90FC842322023D00452408 /* NunitoSans-ExtraBoldItalic.ttf */,
				ED90FC7E2322023D00452408 /* NunitoSans-ExtraLight.ttf */,
				ED90FC862322023E00452408 /* NunitoSans-ExtraLightItalic.ttf */,
				ED90FC832322023D00452408 /* NunitoSans-Light.ttf */,
				ED90FC7D2322023D00452408 /* NunitoSans-LightItalic.ttf */,
				ED90FC7A2322023C00452408 /* NunitoSans-Regular.ttf */,
				ED90FC812322023D00452408 /* NunitoSans-RegularItalic.ttf */,
				ED90FC7C2322023C00452408 /* NunitoSans-SemiBold.ttf */,
				ED90FC802322023D00452408 /* NunitoSans-SemiBoldItalic.ttf */,
			);
			path = "Nunito Sans";
			sourceTree = "<group>";
		};
		ED9B00AE23149B68004D509C /* Roboto Condensed */ = {
			isa = PBXGroup;
			children = (
				ED9B00AF23149B7F004D509C /* RobotoCondensed-Bold.ttf */,
				ED9B00B423149B7F004D509C /* RobotoCondensed-BoldItalic.ttf */,
				ED9B00B023149B7F004D509C /* RobotoCondensed-Light.ttf */,
				ED9B00B323149B7F004D509C /* RobotoCondensed-LightItalic.ttf */,
				ED9B00B123149B7F004D509C /* RobotoCondensed-Regular.ttf */,
				ED9B00B223149B7F004D509C /* RobotoCondensed-RegularItalic.ttf */,
			);
			path = "Roboto Condensed";
			sourceTree = "<group>";
		};
		EDB0CD39231AEA1900246CDF /* Reusable views */ = {
			isa = PBXGroup;
			children = (
				ED1FEEB92318B71900DE69AB /* Alert */,
				ED5AC12723158FED0098A161 /* CustomNavigationBar.swift */,
				EDACC49D231A0D8E005DC09C /* CustomMarginButton.swift */,
			);
			path = "Reusable views";
			sourceTree = "<group>";
		};
		EDB57E8E231766890049504E /* Model */ = {
			isa = PBXGroup;
			children = (
				EDB57E8F231766980049504E /* Watched.swift */,
				EDB57E91231769E20049504E /* Series.swift */,
				ED8060A5231B76CD0032A128 /* SeriesPresenter.swift */,
				ED70C09C231C302900380BE0 /* MoviesPresenter.swift */,
				EDEF9758231C263500025483 /* Mocks */,
				EDEF9757231C244900025483 /* API */,
				EDB0CD3A231B516000246CDF /* StandardSettings.swift */,
			);
			path = Model;
			sourceTree = "<group>";
		};
		EDBEC5512316181A00041D29 /* Information */ = {
			isa = PBXGroup;
			children = (
				EDCBAC59232724440002FAE3 /* Change season */,
				EDBEC55223161AF500041D29 /* ShowInfoViewController.swift */,
				EDBEC55423161B3E00041D29 /* ShowInfoView.swift */,
				ED1CC3A8231624FC0061EE21 /* HeaderView.swift */,
				ED1CC3A6231620790061EE21 /* EpisodeCell.swift */,
			);
			path = Information;
			sourceTree = "<group>";
		};
		EDC8AB432319971900400312 /* Coordinator */ = {
			isa = PBXGroup;
			children = (
				ED5AC12523157A260098A161 /* Coordinator.swift */,
				EDC8AB412319970100400312 /* Builder.swift */,
			);
			path = Coordinator;
			sourceTree = "<group>";
		};
		EDCBAC59232724440002FAE3 /* Change season */ = {
			isa = PBXGroup;
			children = (
				EDCBAC5B2327245E0002FAE3 /* ChangeSeasonViewController.swift */,
				EDCBAC5D232726A80002FAE3 /* ChangeSeasonView.swift */,
				ED0D06312327D28D007D3F8B /* SeasonCell.swift */,
			);
			path = "Change season";
			sourceTree = "<group>";
		};
		EDEF9757231C244900025483 /* API */ = {
			isa = PBXGroup;
			children = (
				EDACC49B2319FE6B005DC09C /* MockWatchedAPI.swift */,
				EDB57E95231885F10049504E /* MockSeriesAPI.swift */,
				ED09BD9C2324A3350023DF83 /* MockSeriesInfoAPI.swift */,
			);
			path = API;
			sourceTree = "<group>";
		};
		EDEF9758231C263500025483 /* Mocks */ = {
			isa = PBXGroup;
			children = (
				EDEF975F231C274500025483 /* MockData.swift */,
				EDEF975B231C268E00025483 /* Watched+mock.swift */,
				EDEF975D231C26C900025483 /* SeriesPresenter+mock.swift */,
				EDEF9759231C264600025483 /* Series+mock.swift */,
			);
			path = Mocks;
			sourceTree = "<group>";
		};
		EDFDB054231495EF0045E8D6 /* Tabs */ = {
			isa = PBXGroup;
			children = (
				ED5AC1062314DCF00098A161 /* Watching */,
				ED5AC1072314DCF70098A161 /* Shows */,
				ED5AC1082314DD0C0098A161 /* Movies */,
				ED5AC1092314DD190098A161 /* Settings */,
			);
			path = Tabs;
			sourceTree = "<group>";
		};
		EDFDB05A23149B140045E8D6 /* Roboto */ = {
			isa = PBXGroup;
			children = (
				ED57FC99231350F30001A9AB /* Roboto-Black.ttf */,
				ED57FC9E231350F40001A9AB /* Roboto-BlackItalic.ttf */,
				ED57FCA0231350F40001A9AB /* Roboto-Bold.ttf */,
				ED57FC9A231350F30001A9AB /* Roboto-BoldItalic.ttf */,
				ED57FC97231350F30001A9AB /* Roboto-Light.ttf */,
				ED57FC98231350F30001A9AB /* Roboto-LightItalic.ttf */,
				ED57FC9B231350F40001A9AB /* Roboto-Medium.ttf */,
				ED57FC9C231350F40001A9AB /* Roboto-MediumItalic.ttf */,
				ED57FC9F231350F40001A9AB /* Roboto-Regular.ttf */,
				ED57FCA1231350F40001A9AB /* Roboto-RegularItalic.ttf */,
				ED57FC96231350F30001A9AB /* Roboto-Thin.ttf */,
				ED57FC9D231350F40001A9AB /* Roboto-ThinItalic.ttf */,
			);
			path = Roboto;
			sourceTree = "<group>";
		};
/* End PBXGroup section */

/* Begin PBXNativeTarget section */
		ED909B39230F006600A67AC6 /* Film */ = {
			isa = PBXNativeTarget;
			buildConfigurationList = ED909B57230F006A00A67AC6 /* Build configuration list for PBXNativeTarget "Film" */;
			buildPhases = (
				A985A2F7D4F51528ABED0832 /* [CP] Check Pods Manifest.lock */,
				ED909B36230F006600A67AC6 /* Sources */,
				ED909B37230F006600A67AC6 /* Frameworks */,
				ED909B38230F006600A67AC6 /* Resources */,
			);
			buildRules = (
			);
			dependencies = (
			);
			name = Film;
			productName = Film;
			productReference = ED909B3A230F006600A67AC6 /* Film.app */;
			productType = "com.apple.product-type.application";
		};
		ED909B4D230F006A00A67AC6 /* FilmTests */ = {
			isa = PBXNativeTarget;
			buildConfigurationList = ED909B5A230F006A00A67AC6 /* Build configuration list for PBXNativeTarget "FilmTests" */;
			buildPhases = (
				10D705FCFF9786FE90451FB3 /* [CP] Check Pods Manifest.lock */,
				ED909B4A230F006A00A67AC6 /* Sources */,
				ED909B4B230F006A00A67AC6 /* Frameworks */,
				ED909B4C230F006A00A67AC6 /* Resources */,
			);
			buildRules = (
			);
			dependencies = (
				ED909B50230F006A00A67AC6 /* PBXTargetDependency */,
			);
			name = FilmTests;
			productName = FilmTests;
			productReference = ED909B4E230F006A00A67AC6 /* FilmTests.xctest */;
			productType = "com.apple.product-type.bundle.unit-test";
		};
/* End PBXNativeTarget section */

/* Begin PBXProject section */
		ED909B32230F006600A67AC6 /* Project object */ = {
			isa = PBXProject;
			attributes = {
				LastSwiftUpdateCheck = 1020;
				LastUpgradeCheck = 1020;
				ORGANIZATIONNAME = ElasticPanda;
				TargetAttributes = {
					ED909B39230F006600A67AC6 = {
						CreatedOnToolsVersion = 10.2.1;
						LastSwiftMigration = 1020;
					};
					ED909B4D230F006A00A67AC6 = {
						CreatedOnToolsVersion = 10.2.1;
						TestTargetID = ED909B39230F006600A67AC6;
					};
				};
			};
			buildConfigurationList = ED909B35230F006600A67AC6 /* Build configuration list for PBXProject "Film" */;
			compatibilityVersion = "Xcode 9.3";
			developmentRegion = en;
			hasScannedForEncodings = 0;
			knownRegions = (
				en,
				Base,
				ru,
			);
			mainGroup = ED909B31230F006600A67AC6;
			productRefGroup = ED909B3B230F006600A67AC6 /* Products */;
			projectDirPath = "";
			projectRoot = "";
			targets = (
				ED909B39230F006600A67AC6 /* Film */,
				ED909B4D230F006A00A67AC6 /* FilmTests */,
			);
		};
/* End PBXProject section */

/* Begin PBXResourcesBuildPhase section */
		ED909B38230F006600A67AC6 /* Resources */ = {
			isa = PBXResourcesBuildPhase;
			buildActionMask = 2147483647;
			files = (
				ED90FC8E2322023E00452408 /* NunitoSans-SemiBoldItalic.ttf in Resources */,
				ED9B00B923149B7F004D509C /* RobotoCondensed-LightItalic.ttf in Resources */,
				ED57FCA9231350F40001A9AB /* Roboto-ThinItalic.ttf in Resources */,
				ED19988523234E75005D48D3 /* OpenSans-RegularItalic.ttf in Resources */,
				ED57FCAC231350F40001A9AB /* Roboto-Bold.ttf in Resources */,
				ED9B00B623149B7F004D509C /* RobotoCondensed-Light.ttf in Resources */,
				ED90FC932322023E00452408 /* NunitoSans-BoldItalic.ttf in Resources */,
				ED57FCA7231350F40001A9AB /* Roboto-Medium.ttf in Resources */,
				ED909B48230F006A00A67AC6 /* LaunchScreen.storyboard in Resources */,
				ED90FC922322023E00452408 /* NunitoSans-ExtraBoldItalic.ttf in Resources */,
				ED90FC912322023E00452408 /* NunitoSans-Light.ttf in Resources */,
				ED909B45230F006A00A67AC6 /* Assets.xcassets in Resources */,
				ED19988823234E75005D48D3 /* OpenSans-SemiBoldItalic.ttf in Resources */,
				ED19988623234E75005D48D3 /* OpenSans-SemiBold.ttf in Resources */,
				ED19988A23234E75005D48D3 /* OpenSans-BoldItalic.ttf in Resources */,
				ED90FC8B2322023E00452408 /* NunitoSans-LightItalic.ttf in Resources */,
				ED90FC8C2322023E00452408 /* NunitoSans-ExtraLight.ttf in Resources */,
				ED57FCA4231350F40001A9AB /* Roboto-LightItalic.ttf in Resources */,
				ED90FC942322023E00452408 /* NunitoSans-ExtraLightItalic.ttf in Resources */,
				ED9B00B523149B7F004D509C /* RobotoCondensed-Bold.ttf in Resources */,
				ED19988323234E75005D48D3 /* OpenSans-Regular.ttf in Resources */,
				ED90FC952322023E00452408 /* NunitoSans-BlackItalic.ttf in Resources */,
				ED19988723234E75005D48D3 /* OpenSans-ExtraBoldItalic.ttf in Resources */,
				ED90FC882322023E00452408 /* NunitoSans-Regular.ttf in Resources */,
				ED90FC902322023E00452408 /* NunitoSans-Bold.ttf in Resources */,
				ED90FC8D2322023E00452408 /* NunitoSans-Black.ttf in Resources */,
				EDB57E9B231887030049504E /* InfoPlist.strings in Resources */,
				ED9B00B823149B7F004D509C /* RobotoCondensed-RegularItalic.ttf in Resources */,
				ED5AC11F2314E5DE0098A161 /* Localizable.strings in Resources */,
				ED19988423234E75005D48D3 /* OpenSans-Bold.ttf in Resources */,
				ED90FC8F2322023E00452408 /* NunitoSans-RegularItalic.ttf in Resources */,
				ED9B00BA23149B7F004D509C /* RobotoCondensed-BoldItalic.ttf in Resources */,
				ED57FCAD231350F40001A9AB /* Roboto-RegularItalic.ttf in Resources */,
				ED57FCA3231350F40001A9AB /* Roboto-Light.ttf in Resources */,
				ED90FC892322023E00452408 /* NunitoSans-ExtraBold.ttf in Resources */,
				ED57FCAB231350F40001A9AB /* Roboto-Regular.ttf in Resources */,
				ED57FCAA231350F40001A9AB /* Roboto-BlackItalic.ttf in Resources */,
				ED57FCA2231350F40001A9AB /* Roboto-Thin.ttf in Resources */,
				ED19988C23234E75005D48D3 /* OpenSans-Light.ttf in Resources */,
				ED90FC8A2322023E00452408 /* NunitoSans-SemiBold.ttf in Resources */,
				ED57FCA6231350F40001A9AB /* Roboto-BoldItalic.ttf in Resources */,
				ED57FCA8231350F40001A9AB /* Roboto-MediumItalic.ttf in Resources */,
				ED9B00B723149B7F004D509C /* RobotoCondensed-Regular.ttf in Resources */,
				ED57FCA5231350F40001A9AB /* Roboto-Black.ttf in Resources */,
				ED19988923234E75005D48D3 /* OpenSans-ExtraBold.ttf in Resources */,
				ED19988B23234E75005D48D3 /* OpenSans-LightItalic.ttf in Resources */,
			);
			runOnlyForDeploymentPostprocessing = 0;
		};
		ED909B4C230F006A00A67AC6 /* Resources */ = {
			isa = PBXResourcesBuildPhase;
			buildActionMask = 2147483647;
			files = (
			);
			runOnlyForDeploymentPostprocessing = 0;
		};
/* End PBXResourcesBuildPhase section */

/* Begin PBXShellScriptBuildPhase section */
		10D705FCFF9786FE90451FB3 /* [CP] Check Pods Manifest.lock */ = {
			isa = PBXShellScriptBuildPhase;
			buildActionMask = 2147483647;
			files = (
			);
			inputFileListPaths = (
			);
			inputPaths = (
				"${PODS_PODFILE_DIR_PATH}/Podfile.lock",
				"${PODS_ROOT}/Manifest.lock",
			);
			name = "[CP] Check Pods Manifest.lock";
			outputFileListPaths = (
			);
			outputPaths = (
				"$(DERIVED_FILE_DIR)/Pods-FilmTests-checkManifestLockResult.txt",
			);
			runOnlyForDeploymentPostprocessing = 0;
			shellPath = /bin/sh;
			shellScript = "diff \"${PODS_PODFILE_DIR_PATH}/Podfile.lock\" \"${PODS_ROOT}/Manifest.lock\" > /dev/null\nif [ $? != 0 ] ; then\n    # print error to STDERR\n    echo \"error: The sandbox is not in sync with the Podfile.lock. Run 'pod install' or update your CocoaPods installation.\" >&2\n    exit 1\nfi\n# This output is used by Xcode 'outputs' to avoid re-running this script phase.\necho \"SUCCESS\" > \"${SCRIPT_OUTPUT_FILE_0}\"\n";
			showEnvVarsInLog = 0;
		};
		A985A2F7D4F51528ABED0832 /* [CP] Check Pods Manifest.lock */ = {
			isa = PBXShellScriptBuildPhase;
			buildActionMask = 2147483647;
			files = (
			);
			inputFileListPaths = (
			);
			inputPaths = (
				"${PODS_PODFILE_DIR_PATH}/Podfile.lock",
				"${PODS_ROOT}/Manifest.lock",
			);
			name = "[CP] Check Pods Manifest.lock";
			outputFileListPaths = (
			);
			outputPaths = (
				"$(DERIVED_FILE_DIR)/Pods-Film-checkManifestLockResult.txt",
			);
			runOnlyForDeploymentPostprocessing = 0;
			shellPath = /bin/sh;
			shellScript = "diff \"${PODS_PODFILE_DIR_PATH}/Podfile.lock\" \"${PODS_ROOT}/Manifest.lock\" > /dev/null\nif [ $? != 0 ] ; then\n    # print error to STDERR\n    echo \"error: The sandbox is not in sync with the Podfile.lock. Run 'pod install' or update your CocoaPods installation.\" >&2\n    exit 1\nfi\n# This output is used by Xcode 'outputs' to avoid re-running this script phase.\necho \"SUCCESS\" > \"${SCRIPT_OUTPUT_FILE_0}\"\n";
			showEnvVarsInLog = 0;
		};
/* End PBXShellScriptBuildPhase section */

/* Begin PBXSourcesBuildPhase section */
		ED909B36230F006600A67AC6 /* Sources */ = {
			isa = PBXSourcesBuildPhase;
			buildActionMask = 2147483647;
			files = (
				ED5AC1162314DE140098A161 /* SettingsView.swift in Sources */,
				ED82DBC2231464E000FEC56A /* VideoPlayerController+Volume.swift in Sources */,
				ED5AC12C2315A7600098A161 /* WatchingCell.swift in Sources */,
				EDFDB056231497C90045E8D6 /* WatchingViewController.swift in Sources */,
				EDACC49C2319FE6B005DC09C /* MockWatchedAPI.swift in Sources */,
				ED909B6323123C8300A67AC6 /* header.m in Sources */,
				ED1FEEBB2318B73900DE69AB /* AlertView.swift in Sources */,
				ED5AC12E2315CE500098A161 /* Fonts.swift in Sources */,
				EDB57E92231769E20049504E /* Series.swift in Sources */,
				EDBEC55323161AF500041D29 /* ShowInfoViewController.swift in Sources */,
				ED5AC1142314DE0C0098A161 /* SettingsViewController.swift in Sources */,
				ED909B40230F006600A67AC6 /* VideoPlayerController.swift in Sources */,
				EDB57E96231885F10049504E /* MockSeriesAPI.swift in Sources */,
				ED909B8423124C8F00A67AC6 /* UIView+extensions.swift in Sources */,
				ED5AC1122314DDEF0098A161 /* MoviesView.swift in Sources */,
				ED5AC1242314E6A40098A161 /* String+extensions.swift in Sources */,
				ED909B3E230F006600A67AC6 /* AppDelegate.swift in Sources */,
				ED8060A6231B76CD0032A128 /* SeriesPresenter.swift in Sources */,
				EDEF975C231C268E00025483 /* Watched+mock.swift in Sources */,
				ED1CC3A7231620790061EE21 /* EpisodeCell.swift in Sources */,
				ED5AC11A2314DE610098A161 /* WelcomeView.swift in Sources */,
				ED2DBB412315E356009250EC /* ShowsCell.swift in Sources */,
				ED5AC10C2314DD4D0098A161 /* ShowsViewController.swift in Sources */,
				ED5AC1052314C45A0098A161 /* Images.swift in Sources */,
				ED5AC10E2314DDA30098A161 /* ShowsView.swift in Sources */,
				EDC8AB422319970100400312 /* Builder.swift in Sources */,
				ED5AC1182314DE590098A161 /* WelcomeViewController.swift in Sources */,
				ED5AC12823158FED0098A161 /* CustomNavigationBar.swift in Sources */,
				EDBEC55523161B3E00041D29 /* ShowInfoView.swift in Sources */,
				ED1CC3A9231624FC0061EE21 /* HeaderView.swift in Sources */,
				ED82DBC523146B0F00FEC56A /* Debugger.swift in Sources */,
				EDCBAC5C2327245E0002FAE3 /* ChangeSeasonViewController.swift in Sources */,
				ED909B8623124CC500A67AC6 /* VideoPlayerView.swift in Sources */,
				EDB0CD3D231B57EE00246CDF /* IdleCell.swift in Sources */,
				EDFDB0582314985A0045E8D6 /* WatchingView.swift in Sources */,
				EDB57E90231766980049504E /* Watched.swift in Sources */,
				ED70C09D231C302900380BE0 /* MoviesPresenter.swift in Sources */,
				ED0D06322327D28D007D3F8B /* SeasonCell.swift in Sources */,
				ED57FCB3231383540001A9AB /* CGRect+extensions.swift in Sources */,
				ED1FEEBD2318B74100DE69AB /* AlertViewController.swift in Sources */,
				EDB57E9423176EC70049504E /* UIImageView+extensions.swift in Sources */,
				ED82DBC02314620F00FEC56A /* VolumeController.swift in Sources */,
				EDEF9760231C274500025483 /* MockData.swift in Sources */,
				EDB57E9F23188B450049504E /* LoadingCell.swift in Sources */,
				ED57FC7C2313398B0001A9AB /* UIColor+extensions.swift in Sources */,
				ED5AC12623157A260098A161 /* Coordinator.swift in Sources */,
				EDB0CD3B231B516000246CDF /* StandardSettings.swift in Sources */,
				ED09BD9D2324A3350023DF83 /* MockSeriesInfoAPI.swift in Sources */,
				EDACC49E231A0D8E005DC09C /* CustomMarginButton.swift in Sources */,
				ED57FCB123137CB30001A9AB /* Film.swift in Sources */,
				EDEF975A231C264600025483 /* Series+mock.swift in Sources */,
				EDEF975E231C26C900025483 /* SeriesPresenter+mock.swift in Sources */,
				ED5AC12A2315A65F0098A161 /* UIViewController+extensions.swift in Sources */,
				ED5AC1102314DDD00098A161 /* MoviesViewController.swift in Sources */,
				EDCBAC5E232726A90002FAE3 /* ChangeSeasonView.swift in Sources */,
			);
			runOnlyForDeploymentPostprocessing = 0;
		};
		ED909B4A230F006A00A67AC6 /* Sources */ = {
			isa = PBXSourcesBuildPhase;
			buildActionMask = 2147483647;
			files = (
				ED909B53230F006A00A67AC6 /* FilmTests.swift in Sources */,
			);
			runOnlyForDeploymentPostprocessing = 0;
		};
/* End PBXSourcesBuildPhase section */

/* Begin PBXTargetDependency section */
		ED909B50230F006A00A67AC6 /* PBXTargetDependency */ = {
			isa = PBXTargetDependency;
			target = ED909B39230F006600A67AC6 /* Film */;
			targetProxy = ED909B4F230F006A00A67AC6 /* PBXContainerItemProxy */;
		};
/* End PBXTargetDependency section */

/* Begin PBXVariantGroup section */
		ED5AC1212314E5DE0098A161 /* Localizable.strings */ = {
			isa = PBXVariantGroup;
			children = (
				ED5AC1202314E5DE0098A161 /* en */,
				ED5AC1222314E6670098A161 /* ru */,
			);
			name = Localizable.strings;
			sourceTree = "<group>";
		};
		ED909B46230F006A00A67AC6 /* LaunchScreen.storyboard */ = {
			isa = PBXVariantGroup;
			children = (
				ED909B47230F006A00A67AC6 /* Base */,
				ED5AC11B2314E5600098A161 /* ru */,
			);
			name = LaunchScreen.storyboard;
			sourceTree = "<group>";
		};
		EDB57E99231887030049504E /* InfoPlist.strings */ = {
			isa = PBXVariantGroup;
			children = (
				EDB57E9A231887030049504E /* Base */,
				EDB57E9C231887390049504E /* en */,
				EDB57E9D2318873C0049504E /* ru */,
			);
			name = InfoPlist.strings;
			sourceTree = "<group>";
		};
/* End PBXVariantGroup section */

/* Begin XCBuildConfiguration section */
		ED909B55230F006A00A67AC6 /* Debug */ = {
			isa = XCBuildConfiguration;
			buildSettings = {
				ALWAYS_SEARCH_USER_PATHS = NO;
				CLANG_ANALYZER_LOCALIZABILITY_NONLOCALIZED = YES;
				CLANG_ANALYZER_NONNULL = YES;
				CLANG_ANALYZER_NUMBER_OBJECT_CONVERSION = YES_AGGRESSIVE;
				CLANG_CXX_LANGUAGE_STANDARD = "gnu++14";
				CLANG_CXX_LIBRARY = "libc++";
				CLANG_ENABLE_MODULES = YES;
				CLANG_ENABLE_OBJC_ARC = YES;
				CLANG_ENABLE_OBJC_WEAK = YES;
				CLANG_WARN_BLOCK_CAPTURE_AUTORELEASING = YES;
				CLANG_WARN_BOOL_CONVERSION = YES;
				CLANG_WARN_COMMA = YES;
				CLANG_WARN_CONSTANT_CONVERSION = YES;
				CLANG_WARN_DEPRECATED_OBJC_IMPLEMENTATIONS = YES;
				CLANG_WARN_DIRECT_OBJC_ISA_USAGE = YES_ERROR;
				CLANG_WARN_DOCUMENTATION_COMMENTS = YES;
				CLANG_WARN_EMPTY_BODY = YES;
				CLANG_WARN_ENUM_CONVERSION = YES;
				CLANG_WARN_INFINITE_RECURSION = YES;
				CLANG_WARN_INT_CONVERSION = YES;
				CLANG_WARN_NON_LITERAL_NULL_CONVERSION = YES;
				CLANG_WARN_OBJC_IMPLICIT_RETAIN_SELF = YES;
				CLANG_WARN_OBJC_LITERAL_CONVERSION = YES;
				CLANG_WARN_OBJC_ROOT_CLASS = YES_ERROR;
				CLANG_WARN_RANGE_LOOP_ANALYSIS = YES;
				CLANG_WARN_STRICT_PROTOTYPES = YES;
				CLANG_WARN_SUSPICIOUS_MOVE = YES;
				CLANG_WARN_UNGUARDED_AVAILABILITY = YES_AGGRESSIVE;
				CLANG_WARN_UNREACHABLE_CODE = YES;
				CLANG_WARN__DUPLICATE_METHOD_MATCH = YES;
				CODE_SIGN_IDENTITY = "iPhone Developer";
				COPY_PHASE_STRIP = NO;
				DEBUG_INFORMATION_FORMAT = dwarf;
				ENABLE_BITCODE = NO;
				ENABLE_STRICT_OBJC_MSGSEND = YES;
				ENABLE_TESTABILITY = YES;
				GCC_C_LANGUAGE_STANDARD = gnu11;
				GCC_DYNAMIC_NO_PIC = NO;
				GCC_NO_COMMON_BLOCKS = YES;
				GCC_OPTIMIZATION_LEVEL = 0;
				GCC_PREPROCESSOR_DEFINITIONS = (
					"DEBUG=1",
					"$(inherited)",
				);
				GCC_WARN_64_TO_32_BIT_CONVERSION = YES;
				GCC_WARN_ABOUT_RETURN_TYPE = YES_ERROR;
				GCC_WARN_UNDECLARED_SELECTOR = YES;
				GCC_WARN_UNINITIALIZED_AUTOS = YES_AGGRESSIVE;
				GCC_WARN_UNUSED_FUNCTION = YES;
				GCC_WARN_UNUSED_VARIABLE = YES;
				IPHONEOS_DEPLOYMENT_TARGET = 12.2;
				MTL_ENABLE_DEBUG_INFO = INCLUDE_SOURCE;
				MTL_FAST_MATH = YES;
				ONLY_ACTIVE_ARCH = YES;
				SDKROOT = iphoneos;
				SWIFT_ACTIVE_COMPILATION_CONDITIONS = DEBUG;
				SWIFT_OPTIMIZATION_LEVEL = "-Onone";
			};
			name = Debug;
		};
		ED909B56230F006A00A67AC6 /* Release */ = {
			isa = XCBuildConfiguration;
			buildSettings = {
				ALWAYS_SEARCH_USER_PATHS = NO;
				CLANG_ANALYZER_LOCALIZABILITY_NONLOCALIZED = YES;
				CLANG_ANALYZER_NONNULL = YES;
				CLANG_ANALYZER_NUMBER_OBJECT_CONVERSION = YES_AGGRESSIVE;
				CLANG_CXX_LANGUAGE_STANDARD = "gnu++14";
				CLANG_CXX_LIBRARY = "libc++";
				CLANG_ENABLE_MODULES = YES;
				CLANG_ENABLE_OBJC_ARC = YES;
				CLANG_ENABLE_OBJC_WEAK = YES;
				CLANG_WARN_BLOCK_CAPTURE_AUTORELEASING = YES;
				CLANG_WARN_BOOL_CONVERSION = YES;
				CLANG_WARN_COMMA = YES;
				CLANG_WARN_CONSTANT_CONVERSION = YES;
				CLANG_WARN_DEPRECATED_OBJC_IMPLEMENTATIONS = YES;
				CLANG_WARN_DIRECT_OBJC_ISA_USAGE = YES_ERROR;
				CLANG_WARN_DOCUMENTATION_COMMENTS = YES;
				CLANG_WARN_EMPTY_BODY = YES;
				CLANG_WARN_ENUM_CONVERSION = YES;
				CLANG_WARN_INFINITE_RECURSION = YES;
				CLANG_WARN_INT_CONVERSION = YES;
				CLANG_WARN_NON_LITERAL_NULL_CONVERSION = YES;
				CLANG_WARN_OBJC_IMPLICIT_RETAIN_SELF = YES;
				CLANG_WARN_OBJC_LITERAL_CONVERSION = YES;
				CLANG_WARN_OBJC_ROOT_CLASS = YES_ERROR;
				CLANG_WARN_RANGE_LOOP_ANALYSIS = YES;
				CLANG_WARN_STRICT_PROTOTYPES = YES;
				CLANG_WARN_SUSPICIOUS_MOVE = YES;
				CLANG_WARN_UNGUARDED_AVAILABILITY = YES_AGGRESSIVE;
				CLANG_WARN_UNREACHABLE_CODE = YES;
				CLANG_WARN__DUPLICATE_METHOD_MATCH = YES;
				CODE_SIGN_IDENTITY = "iPhone Developer";
				COPY_PHASE_STRIP = NO;
				DEBUG_INFORMATION_FORMAT = "dwarf-with-dsym";
				ENABLE_BITCODE = NO;
				ENABLE_NS_ASSERTIONS = NO;
				ENABLE_STRICT_OBJC_MSGSEND = YES;
				GCC_C_LANGUAGE_STANDARD = gnu11;
				GCC_NO_COMMON_BLOCKS = YES;
				GCC_WARN_64_TO_32_BIT_CONVERSION = YES;
				GCC_WARN_ABOUT_RETURN_TYPE = YES_ERROR;
				GCC_WARN_UNDECLARED_SELECTOR = YES;
				GCC_WARN_UNINITIALIZED_AUTOS = YES_AGGRESSIVE;
				GCC_WARN_UNUSED_FUNCTION = YES;
				GCC_WARN_UNUSED_VARIABLE = YES;
				IPHONEOS_DEPLOYMENT_TARGET = 12.2;
				MTL_ENABLE_DEBUG_INFO = NO;
				MTL_FAST_MATH = YES;
				SDKROOT = iphoneos;
				SWIFT_COMPILATION_MODE = wholemodule;
				SWIFT_OPTIMIZATION_LEVEL = "-O";
				VALIDATE_PRODUCT = YES;
			};
			name = Release;
		};
		ED909B58230F006A00A67AC6 /* Debug */ = {
			isa = XCBuildConfiguration;
			baseConfigurationReference = CD48029F391D4C6B1D9C650C /* Pods-Film.debug.xcconfig */;
			buildSettings = {
				ASSETCATALOG_COMPILER_APPICON_NAME = AppIcon;
				CLANG_ENABLE_MODULES = YES;
				CODE_SIGN_STYLE = Automatic;
				DEVELOPMENT_TEAM = 4752B9296N;
				INFOPLIST_FILE = Film/Info.plist;
				LD_RUNPATH_SEARCH_PATHS = (
					"$(inherited)",
					"@executable_path/Frameworks",
				);
				PRODUCT_BUNDLE_IDENTIFIER = com.elasticpanda.Film;
				PRODUCT_NAME = "$(TARGET_NAME)";
				SWIFT_OBJC_BRIDGING_HEADER = "Film/Supporting Files/Film-Bridging-Header.h";
				SWIFT_OPTIMIZATION_LEVEL = "-Onone";
				SWIFT_VERSION = 5.0;
				TARGETED_DEVICE_FAMILY = "1,2";
			};
			name = Debug;
		};
		ED909B59230F006A00A67AC6 /* Release */ = {
			isa = XCBuildConfiguration;
			baseConfigurationReference = 344E09017FC1AF7DE5053B5A /* Pods-Film.release.xcconfig */;
			buildSettings = {
				ASSETCATALOG_COMPILER_APPICON_NAME = AppIcon;
				CLANG_ENABLE_MODULES = YES;
				CODE_SIGN_STYLE = Automatic;
				DEVELOPMENT_TEAM = 4752B9296N;
				INFOPLIST_FILE = Film/Info.plist;
				LD_RUNPATH_SEARCH_PATHS = (
					"$(inherited)",
					"@executable_path/Frameworks",
				);
				PRODUCT_BUNDLE_IDENTIFIER = com.elasticpanda.Film;
				PRODUCT_NAME = "$(TARGET_NAME)";
				SWIFT_OBJC_BRIDGING_HEADER = "Film/Supporting Files/Film-Bridging-Header.h";
				SWIFT_VERSION = 5.0;
				TARGETED_DEVICE_FAMILY = "1,2";
			};
			name = Release;
		};
		ED909B5B230F006A00A67AC6 /* Debug */ = {
			isa = XCBuildConfiguration;
			baseConfigurationReference = C50E764FFA0C92871421D32A /* Pods-FilmTests.debug.xcconfig */;
			buildSettings = {
				ALWAYS_EMBED_SWIFT_STANDARD_LIBRARIES = YES;
				BUNDLE_LOADER = "$(TEST_HOST)";
				CODE_SIGN_STYLE = Automatic;
				DEVELOPMENT_TEAM = 4752B9296N;
				INFOPLIST_FILE = FilmTests/Info.plist;
				LD_RUNPATH_SEARCH_PATHS = (
					"$(inherited)",
					"@executable_path/Frameworks",
					"@loader_path/Frameworks",
				);
				PRODUCT_BUNDLE_IDENTIFIER = com.elasticpanda.FilmTests;
				PRODUCT_NAME = "$(TARGET_NAME)";
				SWIFT_VERSION = 5.0;
				TARGETED_DEVICE_FAMILY = "1,2";
				TEST_HOST = "$(BUILT_PRODUCTS_DIR)/Film.app/Film";
			};
			name = Debug;
		};
		ED909B5C230F006A00A67AC6 /* Release */ = {
			isa = XCBuildConfiguration;
			baseConfigurationReference = 2F8E3A520AA531422403F8B4 /* Pods-FilmTests.release.xcconfig */;
			buildSettings = {
				ALWAYS_EMBED_SWIFT_STANDARD_LIBRARIES = YES;
				BUNDLE_LOADER = "$(TEST_HOST)";
				CODE_SIGN_STYLE = Automatic;
				DEVELOPMENT_TEAM = 4752B9296N;
				INFOPLIST_FILE = FilmTests/Info.plist;
				LD_RUNPATH_SEARCH_PATHS = (
					"$(inherited)",
					"@executable_path/Frameworks",
					"@loader_path/Frameworks",
				);
				PRODUCT_BUNDLE_IDENTIFIER = com.elasticpanda.FilmTests;
				PRODUCT_NAME = "$(TARGET_NAME)";
				SWIFT_VERSION = 5.0;
				TARGETED_DEVICE_FAMILY = "1,2";
				TEST_HOST = "$(BUILT_PRODUCTS_DIR)/Film.app/Film";
			};
			name = Release;
		};
/* End XCBuildConfiguration section */

/* Begin XCConfigurationList section */
		ED909B35230F006600A67AC6 /* Build configuration list for PBXProject "Film" */ = {
			isa = XCConfigurationList;
			buildConfigurations = (
				ED909B55230F006A00A67AC6 /* Debug */,
				ED909B56230F006A00A67AC6 /* Release */,
			);
			defaultConfigurationIsVisible = 0;
			defaultConfigurationName = Release;
		};
		ED909B57230F006A00A67AC6 /* Build configuration list for PBXNativeTarget "Film" */ = {
			isa = XCConfigurationList;
			buildConfigurations = (
				ED909B58230F006A00A67AC6 /* Debug */,
				ED909B59230F006A00A67AC6 /* Release */,
			);
			defaultConfigurationIsVisible = 0;
			defaultConfigurationName = Release;
		};
		ED909B5A230F006A00A67AC6 /* Build configuration list for PBXNativeTarget "FilmTests" */ = {
			isa = XCConfigurationList;
			buildConfigurations = (
				ED909B5B230F006A00A67AC6 /* Debug */,
				ED909B5C230F006A00A67AC6 /* Release */,
			);
			defaultConfigurationIsVisible = 0;
			defaultConfigurationName = Release;
		};
/* End XCConfigurationList section */
	};
	rootObject = ED909B32230F006600A67AC6 /* Project object */;
}
