PODS:
  - Kingfisher (5.12.0):
    - Kingfisher/Core (= 5.12.0)
  - Kingfisher/Core (5.12.0)
  - MobileVLCKit (3.2.0)
  - TVVLCKit (3.3.9)

DEPENDENCIES:
  - Kingfisher (~> 5.0)
  - MobileVLCKit
  - TVVLCKit

SPEC REPOS:
  trunk:
    - Kingfisher
    - MobileVLCKit
    - TVVLCKit

SPEC CHECKSUMS:
  Kingfisher: dc6e0f53bb5b12c3e75bedb0e01bbd7a640eea69
  MobileVLCKit: f7af7d6bee693b904265768eaae6a0ed29fdcd65
  TVVLCKit: 14fd438326828e1681e11d809c9592f190e82552

PODFILE CHECKSUM: 0c385a29ab86bdea40f066beb745f49491f14516

COCOAPODS: 1.8.4
